{
  "version": 4,
  "terraform_version": "1.9.3",
  "serial": 1209,
  "lineage": "8fd59601-1589-1852-0662-c52235d36a04",
  "outputs": {
    "alb_dns_name": {
      "value": "app-lb-30036288.us-east-1.elb.amazonaws.com",
      "type": "string"
    },
    "ec2BationKey": {
      "value": "-----BEGIN RSA PRIVATE KEY-----\nMIIJKQIBAAKCAgEAs9QV9738hrSXXpI5qv+sajWCZcEi9tGnd6El5CFt2lZas26H\ndvkVFwbLc0IrNfr8DpgKfv7cGkb7CDQiPWJTceTH5o8iSGK6YdTZ4hJApqjeQ1Rk\nr6XycQl/5o8mUJZphjmLApi8PMG1kvGL8aGbNQkb5+WdgVGThOYCY3LVOaQa57qO\nHG+rvaDIAiO40s5Gw0ZrerYMN3EPc8psSSFg0IgJUxMTXIMiaM47+Nj+gHcQu12d\nyP4vb9p17F1mRO/aUx3qPVXnd7A1IOUa/PaF/xGDboF7oZkD5qb3UE/dA82XMmrE\nHjEhXocHgz9a+oIvyGxonX8ED6HW6cmXeZyIJfUxJwz896e9MQuMpG+S0GFRj1t+\nlZ3N/tPYZq6ArUNq0Y8jNU/uEP5rqBXxYyp/Len14DTSJEpwGgPvGmTZmbHWmN0x\nVBulOKrHdf/zDY6MclXNlEoST++whLNGiJYW/4TskMNsIcW7/A+NCM8JvPzE/GXn\nGidm9xgaDhN08VTVXNHtvOZYloO1DutkShIf5AnOjyi4CPeOCqcxTmHpqb/yHRKs\nnGiInkTLKAYmQGLftAGgXBBnS5+z8ZB6KM+bRMN0hZKuKag4cLnn7JBg1IRlVDEk\ni2HvYxwxNX5FaFWCXlzoilXlU4kVD4NLijFTGSWLNHc+8if/uNaR42YB9BsCAwEA\nAQKCAgEAkWlUAiqMgliRdhWDsDRiNNfkA2fzX+YUJvYV76zgaYcefK1JuPidByul\nZCQDUPkMzLhA9IQdctomr3GIpl5V32kCA/uF20aKNAWr0dS0lo9CeutJJ4dmzeTC\nmarzboLR/YmWUJk0zWRN8O6FHPRyzqX4/MF9ZU6TnQlosQXwSVXbs7n0pCXgl8vl\nL2W3VC8cpVbSHj4LDuHLfvQWL+Rfpv/5mkV4iHw5XMo3UHgXA8ZDr1558kcoEKh0\nZpb31ZKl1kQAX2yRaQUBUQIxmo+1tpVw0/C8CeXzc5VbsoOB0ktykYAn6coMk6VY\ne9bFOIABJ24SAhjtLb7OS+mJJPtgUwYlQu6FgqYRuPmQoYy1IOuhC671+Y9K84ex\nh/AVr61Ux9W4ubPpBExy8tw6S2aA2bKt5HTvB5A4uBkJeB2NLAc90V8ItLajp2/v\nGcZlV+C7Ivu5uv/38r4ylsIoINT+30H5UfW17v0DqDAVfjDPm0+O1gXIRzqzZXDm\n0Y29QvN98IGY6MAzoqhXRNuPMTIMpMOZN9RRFn5v0MUN6EuzoJE6dGdVU7Q2JPTZ\npd5X0Igs6zAGI921mIzVnEfLUBS/KdF5RdfNtvU7Fh1kZo9aIvAbr8Raw1iEbsfU\ngtMZthskgVqvgjH9GgyxgbWmmQGTbH4/pgY4VlIKzurMis2zEnECggEBANG5KG+z\nvymDJdOZNKQQB/mEmUriDxfkwgTzeR4yPyZnPytq7Gp2oljMzaqepA/QBBDAuz0j\nIHgQIvoC3/hMXjHlF8oc2UDjYMjW3WVYM+iHCXkuI98IUffrPDp/XRsrVUy44sSa\np7Svm9BR5xeXWS7lOwQ6lN9kqKtDHoWS7dn8l0Idoj3De+kiFsA7hpgMX1cg24Dq\nPWkEq5Se1cteLKXMm+0sNLK05++YJYE4Fv4KrYlEeOazmLo2NE2ZZEL2y/vEvF6Y\nwxICU6NKCQ/pWTOru3bWpJus+8Gx3EaOtBTL/keANlFZLty6I01w4oSCsSMFUd97\np+fhZXr/O7TQ+H8CggEBANuCOwTa16YFQhbpHOSgnodsO95125YSf2lHiOSdOvD3\nEHMx4IylKLDZzRmcT4yNmTpp4/sAATAUgeKLcZYKnvthCvzoE7Y5tAB6Jdtom/Ws\n0Lfs0vJ/eNxukRftWOI2ePOcv5zo0MiLqPhbIRFbgsrlyUMm4Nab+yRPRt81jZFQ\nprl+zRm8WDwEg8+9/bNXLvELHJTQje210+Ai0QpsyIF7DIYeGrNugyktval4tm6c\nuKbwrK6+NZDWKlUcdPorJmTB8XKsOOcbTmN2K6yY0nD40mWZgQEFgsf5mgJjslN2\nXZ075obYbhd+TRIYdMwCR0m8rIwUlDx2AiycbzNLFmUCggEAeZ2ZqUzeqb/3i4Do\nWctCFJukGRyGDCEHsb9OmQgiPq7YnuDeP86TzlLVYP+lu9WwxdY9vfJEvdr9rWVF\nY8NFTEHBTd70zQAN++k9cat4TnsgLzlma8tzXQT4ZCO/ZiX2zQrZ1ZCpd8nt3Rvh\nmniVqvAbDRS7h9/jP40ogeT2MNadECYHEzHtBQBTmR3rqvhhwTC4mUU8X03qAcEp\n0UjHM043jY148bieVv4voYNZMfAXOeaPBZlYE4OjSOyOi5Z6K4GmimSjminnPmWM\nY8G5jJEloIBP7Eafp27wgan3G6g/yE69MOc6mZ0HI702Xgk7l0dadvJKJ9k4895W\nTUBxGQKCAQEAtYKKqwkLKQ1QCQHaEnN+oxyspNdwLDg/gx7T47bf9kFWKOslcyde\n7l4ravIGFYNBITxOeE8YrFlIzbvgwOEndVZZb6e4JQayAXL/ut5VmGC+dlguVrdx\niVUkRVTOGsBQY6FKEMWzXyGdJ0Czp1a0YHKCajTL1qpEkVG8mPX/ihnWw6xGjPFh\nRL+2/yFrl9CP0GIP0D5kHhwshzpDAQvTAL5vLLfX/Gd1radVHb3jnLObPO/m2tgO\nEyYE+zv8vqDPrqFwthITO4co2rXsh1wXJ7OYxsqYEfAspI+Q+kjWPI2z+0B87yQo\nZOTbdgsjCU8ZA7AwPeUGbrhmM91nVlLQwQKCAQB6SIBBZ62gJV2waMnC1Fr0NA8X\nknRewAT9hPtlrga5Aa3S7FAcqaqFBlAwEXUZiboEj52Apwo9fted/QbWGSBPbVrI\nA0NL1cFA2NkXY+PU+QIABMZ3jKm6wvv+VPXdlI90bbFOHf1Wpft9OdaHPF7YybHg\nx3Rc7WSEJ1tKMD9IZwaGAoupQPe7SjtDPsTRsZw54NUp1XBTI66ALyImOEJ6xNjF\nmqm2TQZd3DNrQECR31J7fKzAGBSaZYFQVqt3V7yO3ljJYrXJTU8xAlw+mbVtSir7\nEOgLiP5hvfbNKAAzcXSSj7BN41wOXweAbkF6EzusxyaAdMek0fmp1iMBvH6q\n-----END RSA PRIVATE KEY-----\n",
      "type": "string",
      "sensitive": true
    },
    "ec2_bastion": {
      "value": "arn:aws:ec2:us-east-1:307946673854:instance/i-01e9cb1924f0e5f65",
      "type": "string"
    },
    "ecs_cluster_name": {
      "value": "user-reviews-cluster",
      "type": "string"
    },
    "rds_endpoint": {
      "value": "socialmedia.cbigw6wa0drf.us-east-1.rds.amazonaws.com:3306",
      "type": "string"
    }
  },
  "resources": [
    {
      "mode": "managed",
      "type": "aws_db_instance",
      "name": "mysql",
      "provider": "provider[\"registry.terraform.io/hashicorp/aws\"]",
      "instances": [
        {
          "schema_version": 2,
          "attributes": {
            "address": "socialmedia.cbigw6wa0drf.us-east-1.rds.amazonaws.com",
            "allocated_storage": 20,
            "allow_major_version_upgrade": null,
            "apply_immediately": true,
            "arn": "arn:aws:rds:us-east-1:307946673854:db:socialmedia",
            "auto_minor_version_upgrade": true,
            "availability_zone": "us-east-1b",
            "backup_retention_period": 0,
            "backup_target": "region",
            "backup_window": "07:48-08:18",
            "blue_green_update": [],
            "ca_cert_identifier": "rds-ca-rsa2048-g1",
            "character_set_name": "",
            "copy_tags_to_snapshot": false,
            "custom_iam_instance_profile": "",
            "customer_owned_ip_enabled": false,
            "db_name": "socialmedia",
            "db_subnet_group_name": "app-reviews-rds-subnet-group",
            "dedicated_log_volume": false,
            "delete_automated_backups": true,
            "deletion_protection": false,
            "domain": "",
            "domain_auth_secret_arn": "",
            "domain_dns_ips": [],
            "domain_fqdn": "",
            "domain_iam_role_name": "",
            "domain_ou": "",
            "enabled_cloudwatch_logs_exports": [],
            "endpoint": "socialmedia.cbigw6wa0drf.us-east-1.rds.amazonaws.com:3306",
            "engine": "mysql",
            "engine_lifecycle_support": "open-source-rds-extended-support",
            "engine_version": "8.0.35",
            "engine_version_actual": "8.0.35",
            "final_snapshot_identifier": null,
            "hosted_zone_id": "Z2R2ITUGPM61AM",
            "iam_database_authentication_enabled": false,
            "id": "db-RQ57S4IE45RJEIHB5K6U7SZAEQ",
            "identifier": "socialmedia",
            "identifier_prefix": "",
            "instance_class": "db.t3.micro",
            "iops": 0,
            "kms_key_id": "",
            "latest_restorable_time": "",
            "license_model": "general-public-license",
            "listener_endpoint": [],
            "maintenance_window": "sat:09:52-sat:10:22",
            "manage_master_user_password": null,
            "master_user_secret": [],
            "master_user_secret_kms_key_id": null,
            "max_allocated_storage": 0,
            "monitoring_interval": 0,
            "monitoring_role_arn": "",
            "multi_az": true,
            "nchar_character_set_name": "",
            "network_type": "IPV4",
            "option_group_name": "default:mysql-8-0",
            "parameter_group_name": "default.mysql8.0",
            "password": "JalaJala123",
            "performance_insights_enabled": false,
            "performance_insights_kms_key_id": "",
            "performance_insights_retention_period": 0,
            "port": 3306,
            "publicly_accessible": false,
            "replica_mode": "",
            "replicas": [],
            "replicate_source_db": "",
            "resource_id": "db-RQ57S4IE45RJEIHB5K6U7SZAEQ",
            "restore_to_point_in_time": [],
            "s3_import": [],
            "skip_final_snapshot": true,
            "snapshot_identifier": null,
            "status": "available",
            "storage_encrypted": false,
            "storage_throughput": 0,
            "storage_type": "gp2",
            "tags": {
              "Name": "app-reviews-mysql"
            },
            "tags_all": {
              "Name": "app-reviews-mysql"
            },
            "timeouts": null,
            "timezone": "",
            "upgrade_storage_config": null,
            "username": "sjala",
            "vpc_security_group_ids": [
              "sg-0dc41cb184a0f0ee4"
            ]
          },
          "sensitive_attributes": [
            [
              {
                "type": "get_attr",
                "value": "password"
              }
            ]
          ],
          "private": "eyJlMmJmYjczMC1lY2FhLTExZTYtOGY4OC0zNDM2M2JjN2M0YzAiOnsiY3JlYXRlIjoyNDAwMDAwMDAwMDAwLCJkZWxldGUiOjM2MDAwMDAwMDAwMDAsInVwZGF0ZSI6NDgwMDAwMDAwMDAwMH0sInNjaGVtYV92ZXJzaW9uIjoiMiJ9",
          "dependencies": [
            "aws_db_subnet_group.rds_subnet",
            "aws_security_group.BH-SG",
            "aws_security_group.ecs_sg",
            "aws_security_group.rds_sg",
            "aws_subnet.private1",
            "aws_subnet.private2",
            "aws_subnet.public1",
            "aws_subnet.public2",
            "aws_vpc.main"
          ]
        }
      ]
    },
    {
      "mode": "managed",
      "type": "aws_db_subnet_group",
      "name": "rds_subnet",
      "provider": "provider[\"registry.terraform.io/hashicorp/aws\"]",
      "instances": [
        {
          "schema_version": 0,
          "attributes": {
            "arn": "arn:aws:rds:us-east-1:307946673854:subgrp:app-reviews-rds-subnet-group",
            "description": "Managed by Terraform",
            "id": "app-reviews-rds-subnet-group",
            "name": "app-reviews-rds-subnet-group",
            "name_prefix": "",
            "subnet_ids": [
              "subnet-08d4fabaca5b66cb2",
              "subnet-0bcdba08bdf7b1f20"
            ],
            "supported_network_types": [
              "IPV4"
            ],
            "tags": {
              "Name": "app-reviews-rds_subnet"
            },
            "tags_all": {
              "Name": "app-reviews-rds_subnet"
            },
            "vpc_id": "vpc-0af34ee26bc04e285"
          },
          "sensitive_attributes": [],
          "private": "bnVsbA==",
          "dependencies": [
            "aws_subnet.private1",
            "aws_subnet.private2",
            "aws_vpc.main"
          ]
        }
      ]
    },
    {
      "mode": "managed",
      "type": "aws_ecs_cluster",
      "name": "app_cluster",
      "provider": "provider[\"registry.terraform.io/hashicorp/aws\"]",
      "instances": [
        {
          "schema_version": 0,
          "attributes": {
            "arn": "arn:aws:ecs:us-east-1:307946673854:cluster/user-reviews-cluster",
            "configuration": [],
            "id": "arn:aws:ecs:us-east-1:307946673854:cluster/user-reviews-cluster",
            "name": "user-reviews-cluster",
            "service_connect_defaults": [],
            "setting": [
              {
                "name": "containerInsights",
                "value": "enabled"
              }
            ],
            "tags": {
              "Name": "app-reviews-app-cluster"
            },
            "tags_all": {
              "Name": "app-reviews-app-cluster"
            }
          },
          "sensitive_attributes": [],
          "private": "bnVsbA=="
        }
      ]
    },
    {
      "mode": "managed",
      "type": "aws_ecs_service",
      "name": "user_service",
      "provider": "provider[\"registry.terraform.io/hashicorp/aws\"]",
      "instances": [
        {
          "schema_version": 1,
          "attributes": {
            "alarms": [],
            "capacity_provider_strategy": [],
            "cluster": "arn:aws:ecs:us-east-1:307946673854:cluster/user-reviews-cluster",
            "deployment_circuit_breaker": [
              {
                "enable": false,
                "rollback": false
              }
            ],
            "deployment_controller": [
              {
                "type": "ECS"
              }
            ],
            "deployment_maximum_percent": 200,
            "deployment_minimum_healthy_percent": 100,
            "desired_count": 1,
            "enable_ecs_managed_tags": false,
            "enable_execute_command": false,
            "force_delete": null,
            "force_new_deployment": null,
            "health_check_grace_period_seconds": 0,
            "iam_role": "/aws-service-role/ecs.amazonaws.com/AWSServiceRoleForECS",
            "id": "arn:aws:ecs:us-east-1:307946673854:service/user-reviews-cluster/user-reviews-service",
            "launch_type": "FARGATE",
            "load_balancer": [],
            "name": "user-reviews-service",
            "network_configuration": [
              {
                "assign_public_ip": false,
                "security_groups": [
                  "sg-03b2267ad89951aa9"
                ],
                "subnets": [
                  "subnet-0044a20639fb58698",
                  "subnet-07b9bd72a618ec5eb"
                ]
              }
            ],
            "ordered_placement_strategy": [],
            "placement_constraints": [],
            "platform_version": "LATEST",
            "propagate_tags": "NONE",
            "scheduling_strategy": "REPLICA",
            "service_connect_configuration": [],
            "service_registries": [],
            "tags": {
              "Name": "app-reviews-user_service"
            },
            "tags_all": {
              "Name": "app-reviews-user_service"
            },
            "task_definition": "arn:aws:ecs:us-east-1:307946673854:task-definition/user-reviews-task:35",
            "timeouts": null,
            "triggers": {},
            "volume_configuration": [],
            "wait_for_steady_state": false
          },
          "sensitive_attributes": [],
          "private": "eyJlMmJmYjczMC1lY2FhLTExZTYtOGY4OC0zNDM2M2JjN2M0YzAiOnsiY3JlYXRlIjoxMjAwMDAwMDAwMDAwLCJkZWxldGUiOjEyMDAwMDAwMDAwMDAsInVwZGF0ZSI6MTIwMDAwMDAwMDAwMH0sInNjaGVtYV92ZXJzaW9uIjoiMSJ9",
          "dependencies": [
            "aws_ecs_cluster.app_cluster",
            "aws_ecs_task_definition.app_task",
            "aws_iam_role.ecs_task_execution_role",
            "aws_iam_role.ecs_task_role",
            "aws_security_group.ecs_sg",
            "aws_subnet.public1",
            "aws_subnet.public2",
            "aws_vpc.main"
          ]
        }
      ]
    },
    {
      "mode": "managed",
      "type": "aws_ecs_task_definition",
      "name": "app_task",
      "provider": "provider[\"registry.terraform.io/hashicorp/aws\"]",
      "instances": [
        {
          "schema_version": 1,
          "attributes": {
            "arn": "arn:aws:ecs:us-east-1:307946673854:task-definition/user-reviews-task:35",
            "arn_without_revision": "arn:aws:ecs:us-east-1:307946673854:task-definition/user-reviews-task",
            "container_definitions": "[{\"environment\":[],\"essential\":true,\"image\":\"307946673854.dkr.ecr.us-east-1.amazonaws.com/sjala/user-reviews:1.0\",\"mountPoints\":[],\"name\":\"user-review-container\",\"portMappings\":[{\"containerPort\":8080,\"hostPort\":8080,\"protocol\":\"tcp\"}],\"systemControls\":[],\"volumesFrom\":[]}]",
            "cpu": "256",
            "ephemeral_storage": [],
            "execution_role_arn": "arn:aws:iam::307946673854:role/app-reviews-role-name",
            "family": "user-reviews-task",
            "id": "user-reviews-task",
            "inference_accelerator": [],
            "ipc_mode": "",
            "memory": "512",
            "network_mode": "awsvpc",
            "pid_mode": "",
            "placement_constraints": [],
            "proxy_configuration": [],
            "requires_compatibilities": [
              "FARGATE"
            ],
            "revision": 35,
            "runtime_platform": [],
            "skip_destroy": false,
            "tags": {
              "Name": "app-reviews-app-task"
            },
            "tags_all": {
              "Name": "app-reviews-app-task"
            },
            "task_role_arn": "arn:aws:iam::307946673854:role/app-reviews-role-name-task",
            "track_latest": false,
            "volume": []
          },
          "sensitive_attributes": [],
          "private": "eyJzY2hlbWFfdmVyc2lvbiI6IjEifQ==",
          "dependencies": [
            "aws_iam_role.ecs_task_execution_role",
            "aws_iam_role.ecs_task_role"
          ]
        }
      ]
    },
    {
      "mode": "managed",
      "type": "aws_eip",
      "name": "Nat-Gateway-EIP1",
      "provider": "provider[\"registry.terraform.io/hashicorp/aws\"]",
      "instances": [
        {
          "schema_version": 0,
          "attributes": {
            "address": null,
            "allocation_id": "eipalloc-01993f1837ddfa6c4",
            "arn": "arn:aws:ec2:us-east-1:307946673854:elastic-ip/eipalloc-01993f1837ddfa6c4",
            "associate_with_private_ip": null,
            "association_id": "eipassoc-001df9245b6dc7a95",
            "carrier_ip": "",
            "customer_owned_ip": "",
            "customer_owned_ipv4_pool": "",
            "domain": "vpc",
            "id": "eipalloc-01993f1837ddfa6c4",
            "instance": "",
            "network_border_group": "us-east-1",
            "network_interface": "eni-0f14b50a907990582",
            "private_dns": "ip-10-0-1-24.ec2.internal",
            "private_ip": "10.0.1.24",
            "ptr_record": "",
            "public_dns": "ec2-34-205-234-226.compute-1.amazonaws.com",
            "public_ip": "34.205.234.226",
            "public_ipv4_pool": "amazon",
            "tags": {},
            "tags_all": {},
            "timeouts": null,
            "vpc": true
          },
          "sensitive_attributes": [],
          "private": "eyJlMmJmYjczMC1lY2FhLTExZTYtOGY4OC0zNDM2M2JjN2M0YzAiOnsiZGVsZXRlIjoxODAwMDAwMDAwMDAsInJlYWQiOjkwMDAwMDAwMDAwMCwidXBkYXRlIjozMDAwMDAwMDAwMDB9fQ==",
          "dependencies": [
            "aws_internet_gateway.Internet_Gateway",
            "aws_route_table.public-rt",
            "aws_route_table_association.public1_assoc",
            "aws_subnet.private1",
            "aws_subnet.private2",
            "aws_subnet.public1",
            "aws_subnet.public2",
            "aws_vpc.main"
          ]
        }
      ]
    },
    {
      "mode": "managed",
      "type": "aws_eip",
      "name": "Nat-Gateway-EIP2",
      "provider": "provider[\"registry.terraform.io/hashicorp/aws\"]",
      "instances": [
        {
          "schema_version": 0,
          "attributes": {
            "address": null,
            "allocation_id": "eipalloc-0e574fa3398e056cd",
            "arn": "arn:aws:ec2:us-east-1:307946673854:elastic-ip/eipalloc-0e574fa3398e056cd",
            "associate_with_private_ip": null,
            "association_id": "eipassoc-0051b53ecafe8924d",
            "carrier_ip": "",
            "customer_owned_ip": "",
            "customer_owned_ipv4_pool": "",
            "domain": "vpc",
            "id": "eipalloc-0e574fa3398e056cd",
            "instance": "",
            "network_border_group": "us-east-1",
            "network_interface": "eni-0e60862da4566c77c",
            "private_dns": "ip-10-0-3-112.ec2.internal",
            "private_ip": "10.0.3.112",
            "ptr_record": "",
            "public_dns": "ec2-44-221-128-159.compute-1.amazonaws.com",
            "public_ip": "44.221.128.159",
            "public_ipv4_pool": "amazon",
            "tags": {},
            "tags_all": {},
            "timeouts": null,
            "vpc": true
          },
          "sensitive_attributes": [],
          "private": "eyJlMmJmYjczMC1lY2FhLTExZTYtOGY4OC0zNDM2M2JjN2M0YzAiOnsiZGVsZXRlIjoxODAwMDAwMDAwMDAsInJlYWQiOjkwMDAwMDAwMDAwMCwidXBkYXRlIjozMDAwMDAwMDAwMDB9fQ==",
          "dependencies": [
            "aws_internet_gateway.Internet_Gateway",
            "aws_route_table.public-rt",
            "aws_route_table_association.public2_assoc",
            "aws_subnet.private1",
            "aws_subnet.private2",
            "aws_subnet.public1",
            "aws_subnet.public2",
            "aws_vpc.main"
          ]
        }
      ]
    },
    {
      "mode": "managed",
      "type": "aws_iam_role",
      "name": "ecs_task_execution_role",
      "provider": "provider[\"registry.terraform.io/hashicorp/aws\"]",
      "instances": [
        {
          "schema_version": 0,
          "attributes": {
            "arn": "arn:aws:iam::307946673854:role/app-reviews-role-name",
            "assume_role_policy": "{\"Statement\":[{\"Action\":\"sts:AssumeRole\",\"Effect\":\"Allow\",\"Principal\":{\"Service\":\"ecs-tasks.amazonaws.com\"},\"Sid\":\"\"}],\"Version\":\"2012-10-17\"}",
            "create_date": "2024-10-10T18:54:53Z",
            "description": "",
            "force_detach_policies": false,
            "id": "app-reviews-role-name",
            "inline_policy": [],
            "managed_policy_arns": [],
            "max_session_duration": 3600,
            "name": "app-reviews-role-name",
            "name_prefix": "",
            "path": "/",
            "permissions_boundary": "",
            "tags": null,
            "tags_all": {},
            "unique_id": "AROAUPMYNK27NC3N74U5X"
          },
          "sensitive_attributes": [],
          "private": "bnVsbA=="
        }
      ]
    },
    {
      "mode": "managed",
      "type": "aws_iam_role",
      "name": "ecs_task_role",
      "provider": "provider[\"registry.terraform.io/hashicorp/aws\"]",
      "instances": [
        {
          "schema_version": 0,
          "attributes": {
            "arn": "arn:aws:iam::307946673854:role/app-reviews-role-name-task",
            "assume_role_policy": "{\"Statement\":[{\"Action\":\"sts:AssumeRole\",\"Effect\":\"Allow\",\"Principal\":{\"Service\":\"ecs-tasks.amazonaws.com\"},\"Sid\":\"\"}],\"Version\":\"2012-10-17\"}",
            "create_date": "2024-10-10T18:54:53Z",
            "description": "",
            "force_detach_policies": false,
            "id": "app-reviews-role-name-task",
            "inline_policy": [],
            "managed_policy_arns": [],
            "max_session_duration": 3600,
            "name": "app-reviews-role-name-task",
            "name_prefix": "",
            "path": "/",
            "permissions_boundary": "",
            "tags": null,
            "tags_all": {},
            "unique_id": "AROAUPMYNK27ILPKDOHXA"
          },
          "sensitive_attributes": [],
          "private": "bnVsbA=="
        }
      ]
    },
    {
      "mode": "managed",
      "type": "aws_iam_role_policy_attachment",
      "name": "ecs-task-execution-role-policy-attachment",
      "provider": "provider[\"registry.terraform.io/hashicorp/aws\"]",
      "instances": [
        {
          "schema_version": 0,
          "attributes": {
            "id": "app-reviews-role-name-20241010185454122400000001",
            "policy_arn": "arn:aws:iam::aws:policy/service-role/AmazonECSTaskExecutionRolePolicy",
            "role": "app-reviews-role-name"
          },
          "sensitive_attributes": [],
          "private": "bnVsbA==",
          "dependencies": [
            "aws_iam_role.ecs_task_execution_role"
          ]
        }
      ]
    },
    {
      "mode": "managed",
      "type": "aws_iam_role_policy_attachment",
      "name": "task_s3",
      "provider": "provider[\"registry.terraform.io/hashicorp/aws\"]",
      "instances": [
        {
          "schema_version": 0,
          "attributes": {
            "id": "app-reviews-role-name-task-20241010185454134400000002",
            "policy_arn": "arn:aws:iam::aws:policy/AmazonS3FullAccess",
            "role": "app-reviews-role-name-task"
          },
          "sensitive_attributes": [],
          "private": "bnVsbA==",
          "dependencies": [
            "aws_iam_role.ecs_task_role"
          ]
        }
      ]
    },
    {
      "mode": "managed",
      "type": "aws_instance",
      "name": "bastion",
      "provider": "provider[\"registry.terraform.io/hashicorp/aws\"]",
      "instances": [
        {
          "schema_version": 1,
          "attributes": {
            "ami": "ami-0fff1b9a61dec8a5f",
            "arn": "arn:aws:ec2:us-east-1:307946673854:instance/i-01e9cb1924f0e5f65",
            "associate_public_ip_address": true,
            "availability_zone": "us-east-1a",
            "capacity_reservation_specification": [
              {
                "capacity_reservation_preference": "open",
                "capacity_reservation_target": []
              }
            ],
            "cpu_core_count": 1,
            "cpu_options": [
              {
                "amd_sev_snp": "",
                "core_count": 1,
                "threads_per_core": 1
              }
            ],
            "cpu_threads_per_core": 1,
            "credit_specification": [
              {
                "cpu_credits": "standard"
              }
            ],
            "disable_api_stop": false,
            "disable_api_termination": false,
            "ebs_block_device": [],
            "ebs_optimized": false,
            "enclave_options": [
              {
                "enabled": false
              }
            ],
            "ephemeral_block_device": [],
            "get_password_data": false,
            "hibernation": false,
            "host_id": "",
            "host_resource_group_arn": null,
            "iam_instance_profile": "",
            "id": "i-01e9cb1924f0e5f65",
            "instance_initiated_shutdown_behavior": "stop",
            "instance_lifecycle": "",
            "instance_market_options": [],
            "instance_state": "running",
            "instance_type": "t2.micro",
            "ipv6_address_count": 0,
            "ipv6_addresses": [],
            "key_name": "mysql",
            "launch_template": [],
            "maintenance_options": [
              {
                "auto_recovery": "default"
              }
            ],
            "metadata_options": [
              {
                "http_endpoint": "enabled",
                "http_protocol_ipv6": "disabled",
                "http_put_response_hop_limit": 2,
                "http_tokens": "required",
                "instance_metadata_tags": "disabled"
              }
            ],
            "monitoring": false,
            "network_interface": [],
            "outpost_arn": "",
            "password_data": "",
            "placement_group": "",
            "placement_partition_number": 0,
            "primary_network_interface_id": "eni-09e25ba7b6ed58426",
            "private_dns": "ip-10-0-1-166.ec2.internal",
            "private_dns_name_options": [
              {
                "enable_resource_name_dns_a_record": false,
                "enable_resource_name_dns_aaaa_record": false,
                "hostname_type": "ip-name"
              }
            ],
            "private_ip": "10.0.1.166",
            "public_dns": "",
            "public_ip": "54.162.41.253",
            "root_block_device": [
              {
                "delete_on_termination": true,
                "device_name": "/dev/xvda",
                "encrypted": false,
                "iops": 3000,
                "kms_key_id": "",
                "tags": {},
                "tags_all": {},
                "throughput": 125,
                "volume_id": "vol-026d78973b3f45b2a",
                "volume_size": 8,
                "volume_type": "gp3"
              }
            ],
            "secondary_private_ips": [],
            "security_groups": [],
            "source_dest_check": true,
            "spot_instance_request_id": "",
            "subnet_id": "subnet-07b9bd72a618ec5eb",
            "tags": {
              "Name": "app-reviews-bastion"
            },
            "tags_all": {
              "Name": "app-reviews-bastion"
            },
            "tenancy": "default",
            "timeouts": null,
            "user_data": null,
            "user_data_base64": null,
            "user_data_replace_on_change": false,
            "volume_tags": null,
            "vpc_security_group_ids": [
              "sg-03b2267ad89951aa9"
            ]
          },
          "sensitive_attributes": [],
          "private": "eyJlMmJmYjczMC1lY2FhLTExZTYtOGY4OC0zNDM2M2JjN2M0YzAiOnsiY3JlYXRlIjo2MDAwMDAwMDAwMDAsImRlbGV0ZSI6MTIwMDAwMDAwMDAwMCwicmVhZCI6OTAwMDAwMDAwMDAwLCJ1cGRhdGUiOjYwMDAwMDAwMDAwMH0sInNjaGVtYV92ZXJzaW9uIjoiMSJ9",
          "dependencies": [
            "aws_key_pair.generated_key",
            "aws_security_group.ecs_sg",
            "aws_subnet.public1",
            "aws_vpc.main",
            "tls_private_key.private_key"
          ]
        }
      ]
    },
    {
      "mode": "managed",
      "type": "aws_internet_gateway",
      "name": "Internet_Gateway",
      "provider": "provider[\"registry.terraform.io/hashicorp/aws\"]",
      "instances": [
        {
          "schema_version": 0,
          "attributes": {
            "arn": "arn:aws:ec2:us-east-1:307946673854:internet-gateway/igw-046d6d6895b34f765",
            "id": "igw-046d6d6895b34f765",
            "owner_id": "307946673854",
            "tags": {
              "Name": "app-reviews-IG-Public-\u0026-Private-VPC"
            },
            "tags_all": {
              "Name": "app-reviews-IG-Public-\u0026-Private-VPC"
            },
            "timeouts": null,
            "vpc_id": "vpc-0af34ee26bc04e285"
          },
          "sensitive_attributes": [],
          "private": "eyJlMmJmYjczMC1lY2FhLTExZTYtOGY4OC0zNDM2M2JjN2M0YzAiOnsiY3JlYXRlIjoxMjAwMDAwMDAwMDAwLCJkZWxldGUiOjEyMDAwMDAwMDAwMDAsInVwZGF0ZSI6MTIwMDAwMDAwMDAwMH19",
          "dependencies": [
            "aws_subnet.private1",
            "aws_subnet.private2",
            "aws_subnet.public1",
            "aws_subnet.public2",
            "aws_vpc.main"
          ]
        }
      ]
    },
    {
      "mode": "managed",
      "type": "aws_key_pair",
      "name": "generated_key",
      "provider": "provider[\"registry.terraform.io/hashicorp/aws\"]",
      "instances": [
        {
          "schema_version": 1,
          "attributes": {
            "arn": "arn:aws:ec2:us-east-1:307946673854:key-pair/mysql",
            "fingerprint": "d4:5f:82:e8:37:77:0c:f5:06:78:d4:a8:de:1a:f8:0c",
            "id": "mysql",
            "key_name": "mysql",
            "key_name_prefix": "",
            "key_pair_id": "key-0beda588bbae33e30",
            "key_type": "rsa",
            "public_key": "ssh-rsa AAAAB3NzaC1yc2EAAAADAQABAAACAQCz1BX3vfyGtJdekjmq/6xqNYJlwSL20ad3oSXkIW3aVlqzbod2+RUXBstzQis1+vwOmAp+/twaRvsINCI9YlNx5MfmjyJIYrph1NniEkCmqN5DVGSvpfJxCX/mjyZQlmmGOYsCmLw8wbWS8YvxoZs1CRvn5Z2BUZOE5gJjctU5pBrnuo4cb6u9oMgCI7jSzkbDRmt6tgw3cQ9zymxJIWDQiAlTExNcgyJozjv42P6AdxC7XZ3I/i9v2nXsXWZE79pTHeo9Ved3sDUg5Rr89oX/EYNugXuhmQPmpvdQT90DzZcyasQeMSFehweDP1r6gi/IbGidfwQPodbpyZd5nIgl9TEnDPz3p70xC4ykb5LQYVGPW36Vnc3+09hmroCtQ2rRjyM1T+4Q/muoFfFjKn8t6fXgNNIkSnAaA+8aZNmZsdaY3TFUG6U4qsd1//MNjoxyVc2UShJP77CEs0aIlhb/hOyQw2whxbv8D40Izwm8/MT8ZecaJ2b3GBoOE3TxVNVc0e285liWg7UO62RKEh/kCc6PKLgI944KpzFOYempv/IdEqycaIieRMsoBiZAYt+0AaBcEGdLn7PxkHooz5tEw3SFkq4pqDhwuefskGDUhGVUMSSLYe9jHDE1fkVoVYJeXOiKVeVTiRUPg0uKMVMZJYs0dz7yJ/+41pHjZgH0Gw==",
            "tags": {},
            "tags_all": {}
          },
          "sensitive_attributes": [],
          "private": "eyJzY2hlbWFfdmVyc2lvbiI6IjEifQ==",
          "dependencies": [
            "tls_private_key.private_key"
          ]
        }
      ]
    },
    {
      "mode": "managed",
      "type": "aws_lb",
      "name": "app_lb",
      "provider": "provider[\"registry.terraform.io/hashicorp/aws\"]",
      "instances": [
        {
          "schema_version": 0,
          "attributes": {
            "access_logs": [
              {
                "bucket": "",
                "enabled": false,
                "prefix": ""
              }
            ],
            "arn": "arn:aws:elasticloadbalancing:us-east-1:307946673854:loadbalancer/app/app-lb/f51c1e8aacdcbb8d",
            "arn_suffix": "app/app-lb/f51c1e8aacdcbb8d",
            "client_keep_alive": 3600,
            "connection_logs": [
              {
                "bucket": "",
                "enabled": false,
                "prefix": ""
              }
            ],
            "customer_owned_ipv4_pool": "",
            "desync_mitigation_mode": "defensive",
            "dns_name": "app-lb-30036288.us-east-1.elb.amazonaws.com",
            "dns_record_client_routing_policy": null,
            "drop_invalid_header_fields": false,
            "enable_cross_zone_load_balancing": true,
            "enable_deletion_protection": false,
            "enable_http2": true,
            "enable_tls_version_and_cipher_suite_headers": false,
            "enable_waf_fail_open": false,
            "enable_xff_client_port": false,
            "enforce_security_group_inbound_rules_on_private_link_traffic": "",
            "id": "arn:aws:elasticloadbalancing:us-east-1:307946673854:loadbalancer/app/app-lb/f51c1e8aacdcbb8d",
            "idle_timeout": 60,
            "internal": false,
            "ip_address_type": "ipv4",
            "load_balancer_type": "application",
            "name": "app-lb",
            "name_prefix": "",
            "preserve_host_header": false,
            "security_groups": [
              "sg-03b2267ad89951aa9"
            ],
            "subnet_mapping": [
              {
                "allocation_id": "",
                "ipv6_address": "",
                "outpost_id": "",
                "private_ipv4_address": "",
                "subnet_id": "subnet-0044a20639fb58698"
              },
              {
                "allocation_id": "",
                "ipv6_address": "",
                "outpost_id": "",
                "private_ipv4_address": "",
                "subnet_id": "subnet-07b9bd72a618ec5eb"
              }
            ],
            "subnets": [
              "subnet-0044a20639fb58698",
              "subnet-07b9bd72a618ec5eb"
            ],
            "tags": {
              "Name": "app-reviews-app_lb"
            },
            "tags_all": {
              "Name": "app-reviews-app_lb"
            },
            "timeouts": null,
            "vpc_id": "vpc-0af34ee26bc04e285",
            "xff_header_processing_mode": "append",
            "zone_id": "Z35SXDOTRQ7X7K"
          },
          "sensitive_attributes": [],
          "private": "eyJlMmJmYjczMC1lY2FhLTExZTYtOGY4OC0zNDM2M2JjN2M0YzAiOnsiY3JlYXRlIjo2MDAwMDAwMDAwMDAsImRlbGV0ZSI6NjAwMDAwMDAwMDAwLCJ1cGRhdGUiOjYwMDAwMDAwMDAwMH19",
          "dependencies": [
            "aws_security_group.ecs_sg",
            "aws_subnet.public1",
            "aws_subnet.public2",
            "aws_vpc.main"
          ]
        }
      ]
    },
    {
      "mode": "managed",
      "type": "aws_lb_listener",
      "name": "app_listener",
      "provider": "provider[\"registry.terraform.io/hashicorp/aws\"]",
      "instances": [
        {
          "schema_version": 0,
          "attributes": {
            "alpn_policy": null,
            "arn": "arn:aws:elasticloadbalancing:us-east-1:307946673854:listener/app/app-lb/f51c1e8aacdcbb8d/b1857857d3bc1a13",
            "certificate_arn": null,
            "default_action": [
              {
                "authenticate_cognito": [],
                "authenticate_oidc": [],
                "fixed_response": [],
                "forward": [],
                "order": 1,
                "redirect": [],
                "target_group_arn": "arn:aws:elasticloadbalancing:us-east-1:307946673854:targetgroup/app-tg/8e95368475d98042",
                "type": "forward"
              }
            ],
            "id": "arn:aws:elasticloadbalancing:us-east-1:307946673854:listener/app/app-lb/f51c1e8aacdcbb8d/b1857857d3bc1a13",
            "load_balancer_arn": "arn:aws:elasticloadbalancing:us-east-1:307946673854:loadbalancer/app/app-lb/f51c1e8aacdcbb8d",
            "mutual_authentication": [],
            "port": 8080,
            "protocol": "HTTP",
            "ssl_policy": "",
            "tags": {
              "Name": "app-reviews-app-listner"
            },
            "tags_all": {
              "Name": "app-reviews-app-listner"
            },
            "timeouts": null
          },
          "sensitive_attributes": [],
          "private": "eyJlMmJmYjczMC1lY2FhLTExZTYtOGY4OC0zNDM2M2JjN2M0YzAiOnsiY3JlYXRlIjozMDAwMDAwMDAwMDAsInVwZGF0ZSI6MzAwMDAwMDAwMDAwfX0=",
          "dependencies": [
            "aws_lb.app_lb",
            "aws_lb_target_group.app_tg",
            "aws_security_group.ecs_sg",
            "aws_subnet.public1",
            "aws_subnet.public2",
            "aws_vpc.main"
          ]
        }
      ]
    },
    {
      "mode": "managed",
      "type": "aws_lb_target_group",
      "name": "app_tg",
      "provider": "provider[\"registry.terraform.io/hashicorp/aws\"]",
      "instances": [
        {
          "schema_version": 0,
          "attributes": {
            "arn": "arn:aws:elasticloadbalancing:us-east-1:307946673854:targetgroup/app-tg/8e95368475d98042",
            "arn_suffix": "targetgroup/app-tg/8e95368475d98042",
            "connection_termination": null,
            "deregistration_delay": "300",
            "health_check": [
              {
                "enabled": true,
                "healthy_threshold": 5,
                "interval": 30,
                "matcher": "200",
                "path": "/",
                "port": "traffic-port",
                "protocol": "HTTP",
                "timeout": 5,
                "unhealthy_threshold": 2
              }
            ],
            "id": "arn:aws:elasticloadbalancing:us-east-1:307946673854:targetgroup/app-tg/8e95368475d98042",
            "ip_address_type": "ipv4",
            "lambda_multi_value_headers_enabled": false,
            "load_balancer_arns": [
              "arn:aws:elasticloadbalancing:us-east-1:307946673854:loadbalancer/app/app-lb/f51c1e8aacdcbb8d"
            ],
            "load_balancing_algorithm_type": "round_robin",
            "load_balancing_anomaly_mitigation": "off",
            "load_balancing_cross_zone_enabled": "use_load_balancer_configuration",
            "name": "app-tg",
            "name_prefix": "",
            "port": 8080,
            "preserve_client_ip": null,
            "protocol": "HTTP",
            "protocol_version": "HTTP1",
            "proxy_protocol_v2": false,
            "slow_start": 0,
            "stickiness": [
              {
                "cookie_duration": 86400,
                "cookie_name": "",
                "enabled": false,
                "type": "lb_cookie"
              }
            ],
            "tags": {
              "Name": "app-reviews-app-tg"
            },
            "tags_all": {
              "Name": "app-reviews-app-tg"
            },
            "target_failover": [
              {
                "on_deregistration": null,
                "on_unhealthy": null
              }
            ],
            "target_group_health": [
              {
                "dns_failover": [
                  {
                    "minimum_healthy_targets_count": "1",
                    "minimum_healthy_targets_percentage": "off"
                  }
                ],
                "unhealthy_state_routing": [
                  {
                    "minimum_healthy_targets_count": 1,
                    "minimum_healthy_targets_percentage": "off"
                  }
                ]
              }
            ],
            "target_health_state": [
              {
                "enable_unhealthy_connection_termination": null,
                "unhealthy_draining_interval": null
              }
            ],
            "target_type": "instance",
            "vpc_id": "vpc-0af34ee26bc04e285"
          },
          "sensitive_attributes": [],
          "private": "bnVsbA==",
          "dependencies": [
            "aws_vpc.main"
          ]
        }
      ]
    },
    {
      "mode": "managed",
      "type": "aws_nat_gateway",
      "name": "NAT_GATEWAY_1",
      "provider": "provider[\"registry.terraform.io/hashicorp/aws\"]",
      "instances": [
        {
          "schema_version": 0,
          "attributes": {
            "allocation_id": "eipalloc-01993f1837ddfa6c4",
            "association_id": "eipassoc-001df9245b6dc7a95",
            "connectivity_type": "public",
            "id": "nat-01eb23b834df07c2b",
            "network_interface_id": "eni-0f14b50a907990582",
            "private_ip": "10.0.1.24",
            "public_ip": "34.205.234.226",
            "secondary_allocation_ids": [],
            "secondary_private_ip_address_count": 0,
            "secondary_private_ip_addresses": [],
            "subnet_id": "subnet-07b9bd72a618ec5eb",
            "tags": {
              "Name": "app-reviews-Nat-Gateway_1"
            },
            "tags_all": {
              "Name": "app-reviews-Nat-Gateway_1"
            },
            "timeouts": null
          },
          "sensitive_attributes": [],
          "private": "eyJlMmJmYjczMC1lY2FhLTExZTYtOGY4OC0zNDM2M2JjN2M0YzAiOnsiY3JlYXRlIjo2MDAwMDAwMDAwMDAsImRlbGV0ZSI6MTgwMDAwMDAwMDAwMCwidXBkYXRlIjo2MDAwMDAwMDAwMDB9fQ==",
          "dependencies": [
            "aws_eip.Nat-Gateway-EIP1",
            "aws_internet_gateway.Internet_Gateway",
            "aws_route_table.public-rt",
            "aws_route_table_association.public1_assoc",
            "aws_subnet.private1",
            "aws_subnet.private2",
            "aws_subnet.public1",
            "aws_subnet.public2",
            "aws_vpc.main"
          ]
        }
      ]
    },
    {
      "mode": "managed",
      "type": "aws_nat_gateway",
      "name": "NAT_GATEWAY_2",
      "provider": "provider[\"registry.terraform.io/hashicorp/aws\"]",
      "instances": [
        {
          "schema_version": 0,
          "attributes": {
            "allocation_id": "eipalloc-0e574fa3398e056cd",
            "association_id": "eipassoc-0051b53ecafe8924d",
            "connectivity_type": "public",
            "id": "nat-0858dec3d8c19accb",
            "network_interface_id": "eni-0e60862da4566c77c",
            "private_ip": "10.0.3.112",
            "public_ip": "44.221.128.159",
            "secondary_allocation_ids": [],
            "secondary_private_ip_address_count": 0,
            "secondary_private_ip_addresses": [],
            "subnet_id": "subnet-0044a20639fb58698",
            "tags": {
              "Name": "app-reviews-Nat-Gateway_2"
            },
            "tags_all": {
              "Name": "app-reviews-Nat-Gateway_2"
            },
            "timeouts": null
          },
          "sensitive_attributes": [],
          "private": "eyJlMmJmYjczMC1lY2FhLTExZTYtOGY4OC0zNDM2M2JjN2M0YzAiOnsiY3JlYXRlIjo2MDAwMDAwMDAwMDAsImRlbGV0ZSI6MTgwMDAwMDAwMDAwMCwidXBkYXRlIjo2MDAwMDAwMDAwMDB9fQ==",
          "dependencies": [
            "aws_eip.Nat-Gateway-EIP2",
            "aws_internet_gateway.Internet_Gateway",
            "aws_route_table.public-rt",
            "aws_route_table_association.public2_assoc",
            "aws_subnet.private1",
            "aws_subnet.private2",
            "aws_subnet.public1",
            "aws_subnet.public2",
            "aws_vpc.main"
          ]
        }
      ]
    },
    {
      "mode": "managed",
      "type": "aws_route_table",
      "name": "NAT-Gateway-RT1",
      "provider": "provider[\"registry.terraform.io/hashicorp/aws\"]",
      "instances": [
        {
          "schema_version": 0,
          "attributes": {
            "arn": "arn:aws:ec2:us-east-1:307946673854:route-table/rtb-0a97cf9fda4d45d32",
            "id": "rtb-0a97cf9fda4d45d32",
            "owner_id": "307946673854",
            "propagating_vgws": [],
            "route": [
              {
                "carrier_gateway_id": "",
                "cidr_block": "0.0.0.0/0",
                "core_network_arn": "",
                "destination_prefix_list_id": "",
                "egress_only_gateway_id": "",
                "gateway_id": "",
                "ipv6_cidr_block": "",
                "local_gateway_id": "",
                "nat_gateway_id": "nat-01eb23b834df07c2b",
                "network_interface_id": "",
                "transit_gateway_id": "",
                "vpc_endpoint_id": "",
                "vpc_peering_connection_id": ""
              }
            ],
            "tags": {
              "Name": "app-reviews - Route Table for NAT Gateway 1"
            },
            "tags_all": {
              "Name": "app-reviews - Route Table for NAT Gateway 1"
            },
            "timeouts": null,
            "vpc_id": "vpc-0af34ee26bc04e285"
          },
          "sensitive_attributes": [],
          "private": "eyJlMmJmYjczMC1lY2FhLTExZTYtOGY4OC0zNDM2M2JjN2M0YzAiOnsiY3JlYXRlIjozMDAwMDAwMDAwMDAsImRlbGV0ZSI6MzAwMDAwMDAwMDAwLCJ1cGRhdGUiOjEyMDAwMDAwMDAwMH19",
          "dependencies": [
            "aws_eip.Nat-Gateway-EIP1",
            "aws_internet_gateway.Internet_Gateway",
            "aws_nat_gateway.NAT_GATEWAY_1",
            "aws_route_table.public-rt",
            "aws_route_table_association.public1_assoc",
            "aws_subnet.private1",
            "aws_subnet.private2",
            "aws_subnet.public1",
            "aws_subnet.public2",
            "aws_vpc.main"
          ]
        }
      ]
    },
    {
      "mode": "managed",
      "type": "aws_route_table",
      "name": "NAT-Gateway-RT2",
      "provider": "provider[\"registry.terraform.io/hashicorp/aws\"]",
      "instances": [
        {
          "schema_version": 0,
          "attributes": {
            "arn": "arn:aws:ec2:us-east-1:307946673854:route-table/rtb-053efc825ca60b767",
            "id": "rtb-053efc825ca60b767",
            "owner_id": "307946673854",
            "propagating_vgws": [],
            "route": [
              {
                "carrier_gateway_id": "",
                "cidr_block": "0.0.0.0/0",
                "core_network_arn": "",
                "destination_prefix_list_id": "",
                "egress_only_gateway_id": "",
                "gateway_id": "",
                "ipv6_cidr_block": "",
                "local_gateway_id": "",
                "nat_gateway_id": "nat-0858dec3d8c19accb",
                "network_interface_id": "",
                "transit_gateway_id": "",
                "vpc_endpoint_id": "",
                "vpc_peering_connection_id": ""
              }
            ],
            "tags": {
              "Name": "app-reviews - Route Table for NAT Gateway 2"
            },
            "tags_all": {
              "Name": "app-reviews - Route Table for NAT Gateway 2"
            },
            "timeouts": null,
            "vpc_id": "vpc-0af34ee26bc04e285"
          },
          "sensitive_attributes": [],
          "private": "eyJlMmJmYjczMC1lY2FhLTExZTYtOGY4OC0zNDM2M2JjN2M0YzAiOnsiY3JlYXRlIjozMDAwMDAwMDAwMDAsImRlbGV0ZSI6MzAwMDAwMDAwMDAwLCJ1cGRhdGUiOjEyMDAwMDAwMDAwMH19",
          "dependencies": [
            "aws_eip.Nat-Gateway-EIP2",
            "aws_internet_gateway.Internet_Gateway",
            "aws_nat_gateway.NAT_GATEWAY_2",
            "aws_route_table.public-rt",
            "aws_route_table_association.public2_assoc",
            "aws_subnet.private1",
            "aws_subnet.private2",
            "aws_subnet.public1",
            "aws_subnet.public2",
            "aws_vpc.main"
          ]
        }
      ]
    },
    {
      "mode": "managed",
      "type": "aws_route_table",
      "name": "public-rt",
      "provider": "provider[\"registry.terraform.io/hashicorp/aws\"]",
      "instances": [
        {
          "schema_version": 0,
          "attributes": {
            "arn": "arn:aws:ec2:us-east-1:307946673854:route-table/rtb-08654ef4f93a8fe8b",
            "id": "rtb-08654ef4f93a8fe8b",
            "owner_id": "307946673854",
            "propagating_vgws": [],
            "route": [
              {
                "carrier_gateway_id": "",
                "cidr_block": "0.0.0.0/0",
                "core_network_arn": "",
                "destination_prefix_list_id": "",
                "egress_only_gateway_id": "",
                "gateway_id": "igw-046d6d6895b34f765",
                "ipv6_cidr_block": "",
                "local_gateway_id": "",
                "nat_gateway_id": "",
                "network_interface_id": "",
                "transit_gateway_id": "",
                "vpc_endpoint_id": "",
                "vpc_peering_connection_id": ""
              }
            ],
            "tags": {
              "Name": "app-reviews-public-rt"
            },
            "tags_all": {
              "Name": "app-reviews-public-rt"
            },
            "timeouts": null,
            "vpc_id": "vpc-0af34ee26bc04e285"
          },
          "sensitive_attributes": [],
          "private": "eyJlMmJmYjczMC1lY2FhLTExZTYtOGY4OC0zNDM2M2JjN2M0YzAiOnsiY3JlYXRlIjozMDAwMDAwMDAwMDAsImRlbGV0ZSI6MzAwMDAwMDAwMDAwLCJ1cGRhdGUiOjEyMDAwMDAwMDAwMH19",
          "dependencies": [
            "aws_internet_gateway.Internet_Gateway",
            "aws_subnet.private1",
            "aws_subnet.private2",
            "aws_subnet.public1",
            "aws_subnet.public2",
            "aws_vpc.main"
          ]
        }
      ]
    },
    {
      "mode": "managed",
      "type": "aws_route_table_association",
      "name": "Nat-Gateway-RT-Association1",
      "provider": "provider[\"registry.terraform.io/hashicorp/aws\"]",
      "instances": [
        {
          "schema_version": 0,
          "attributes": {
            "gateway_id": "",
            "id": "rtbassoc-024c1bdc0f0e822ce",
            "route_table_id": "rtb-0a97cf9fda4d45d32",
            "subnet_id": "subnet-0bcdba08bdf7b1f20",
            "timeouts": null
          },
          "sensitive_attributes": [],
          "private": "eyJlMmJmYjczMC1lY2FhLTExZTYtOGY4OC0zNDM2M2JjN2M0YzAiOnsiY3JlYXRlIjozMDAwMDAwMDAwMDAsImRlbGV0ZSI6MzAwMDAwMDAwMDAwLCJ1cGRhdGUiOjEyMDAwMDAwMDAwMH19",
          "dependencies": [
            "aws_eip.Nat-Gateway-EIP1",
            "aws_internet_gateway.Internet_Gateway",
            "aws_nat_gateway.NAT_GATEWAY_1",
            "aws_route_table.NAT-Gateway-RT1",
            "aws_route_table.public-rt",
            "aws_route_table_association.public1_assoc",
            "aws_subnet.private1",
            "aws_subnet.private2",
            "aws_subnet.public1",
            "aws_subnet.public2",
            "aws_vpc.main"
          ]
        }
      ]
    },
    {
      "mode": "managed",
      "type": "aws_route_table_association",
      "name": "Nat-Gateway-RT-Association2",
      "provider": "provider[\"registry.terraform.io/hashicorp/aws\"]",
      "instances": [
        {
          "schema_version": 0,
          "attributes": {
            "gateway_id": "",
            "id": "rtbassoc-00efb9ebfcbf8fb0a",
            "route_table_id": "rtb-053efc825ca60b767",
            "subnet_id": "subnet-08d4fabaca5b66cb2",
            "timeouts": null
          },
          "sensitive_attributes": [],
          "private": "eyJlMmJmYjczMC1lY2FhLTExZTYtOGY4OC0zNDM2M2JjN2M0YzAiOnsiY3JlYXRlIjozMDAwMDAwMDAwMDAsImRlbGV0ZSI6MzAwMDAwMDAwMDAwLCJ1cGRhdGUiOjEyMDAwMDAwMDAwMH19",
          "dependencies": [
            "aws_eip.Nat-Gateway-EIP2",
            "aws_internet_gateway.Internet_Gateway",
            "aws_nat_gateway.NAT_GATEWAY_2",
            "aws_route_table.NAT-Gateway-RT2",
            "aws_route_table.public-rt",
            "aws_route_table_association.public2_assoc",
            "aws_subnet.private1",
            "aws_subnet.private2",
            "aws_subnet.public1",
            "aws_subnet.public2",
            "aws_vpc.main"
          ]
        }
      ]
    },
    {
      "mode": "managed",
      "type": "aws_route_table_association",
      "name": "public1_assoc",
      "provider": "provider[\"registry.terraform.io/hashicorp/aws\"]",
      "instances": [
        {
          "schema_version": 0,
          "attributes": {
            "gateway_id": "",
            "id": "rtbassoc-06a3b032056ab706a",
            "route_table_id": "rtb-08654ef4f93a8fe8b",
            "subnet_id": "subnet-07b9bd72a618ec5eb",
            "timeouts": null
          },
          "sensitive_attributes": [],
          "private": "eyJlMmJmYjczMC1lY2FhLTExZTYtOGY4OC0zNDM2M2JjN2M0YzAiOnsiY3JlYXRlIjozMDAwMDAwMDAwMDAsImRlbGV0ZSI6MzAwMDAwMDAwMDAwLCJ1cGRhdGUiOjEyMDAwMDAwMDAwMH19",
          "dependencies": [
            "aws_internet_gateway.Internet_Gateway",
            "aws_route_table.public-rt",
            "aws_subnet.private1",
            "aws_subnet.private2",
            "aws_subnet.public1",
            "aws_subnet.public2",
            "aws_vpc.main"
          ]
        }
      ]
    },
    {
      "mode": "managed",
      "type": "aws_route_table_association",
      "name": "public2_assoc",
      "provider": "provider[\"registry.terraform.io/hashicorp/aws\"]",
      "instances": [
        {
          "schema_version": 0,
          "attributes": {
            "gateway_id": "",
            "id": "rtbassoc-064cc33d2c6d1293a",
            "route_table_id": "rtb-08654ef4f93a8fe8b",
            "subnet_id": "subnet-0044a20639fb58698",
            "timeouts": null
          },
          "sensitive_attributes": [],
          "private": "eyJlMmJmYjczMC1lY2FhLTExZTYtOGY4OC0zNDM2M2JjN2M0YzAiOnsiY3JlYXRlIjozMDAwMDAwMDAwMDAsImRlbGV0ZSI6MzAwMDAwMDAwMDAwLCJ1cGRhdGUiOjEyMDAwMDAwMDAwMH19",
          "dependencies": [
            "aws_internet_gateway.Internet_Gateway",
            "aws_route_table.public-rt",
            "aws_subnet.private1",
            "aws_subnet.private2",
            "aws_subnet.public1",
            "aws_subnet.public2",
            "aws_vpc.main"
          ]
        }
      ]
    },
    {
      "mode": "managed",
      "type": "aws_security_group",
      "name": "BH-SG",
      "provider": "provider[\"registry.terraform.io/hashicorp/aws\"]",
      "instances": [
        {
          "schema_version": 1,
          "attributes": {
            "arn": "arn:aws:ec2:us-east-1:307946673854:security-group/sg-0cd24a1a0b454b232",
            "description": "MySQL Access only from the EC2 Instances in public1",
            "egress": [
              {
                "cidr_blocks": [
                  "0.0.0.0/0"
                ],
                "description": "output from Bastion Host",
                "from_port": 0,
                "ipv6_cidr_blocks": [],
                "prefix_list_ids": [],
                "protocol": "-1",
                "security_groups": [],
                "self": false,
                "to_port": 0
              }
            ],
            "id": "sg-0cd24a1a0b454b232",
            "ingress": [
              {
                "cidr_blocks": [
                  "0.0.0.0/0"
                ],
                "description": "Bastion Host SG",
                "from_port": 22,
                "ipv6_cidr_blocks": [],
                "prefix_list_ids": [],
                "protocol": "tcp",
                "security_groups": [],
                "self": false,
                "to_port": 22
              }
            ],
            "name": "app-reviews-BH-SG",
            "name_prefix": "",
            "owner_id": "307946673854",
            "revoke_rules_on_delete": false,
            "tags": {
              "Name": "app-reviews-BH-SG"
            },
            "tags_all": {
              "Name": "app-reviews-BH-SG"
            },
            "timeouts": null,
            "vpc_id": "vpc-0af34ee26bc04e285"
          },
          "sensitive_attributes": [],
          "private": "eyJlMmJmYjczMC1lY2FhLTExZTYtOGY4OC0zNDM2M2JjN2M0YzAiOnsiY3JlYXRlIjo2MDAwMDAwMDAwMDAsImRlbGV0ZSI6OTAwMDAwMDAwMDAwfSwic2NoZW1hX3ZlcnNpb24iOiIxIn0=",
          "dependencies": [
            "aws_subnet.private1",
            "aws_subnet.private2",
            "aws_subnet.public1",
            "aws_subnet.public2",
            "aws_vpc.main"
          ]
        }
      ]
    },
    {
      "mode": "managed",
      "type": "aws_security_group",
      "name": "DB-SG-SSH",
      "provider": "provider[\"registry.terraform.io/hashicorp/aws\"]",
      "instances": [
        {
          "schema_version": 1,
          "attributes": {
            "arn": "arn:aws:ec2:us-east-1:307946673854:security-group/sg-0233958ffd39e376d",
            "description": "MySQL Bastion host access for updates!",
            "egress": [
              {
                "cidr_blocks": [
                  "0.0.0.0/0"
                ],
                "description": "output from MySQL BH",
                "from_port": 0,
                "ipv6_cidr_blocks": [],
                "prefix_list_ids": [],
                "protocol": "-1",
                "security_groups": [],
                "self": false,
                "to_port": 0
              }
            ],
            "id": "sg-0233958ffd39e376d",
            "ingress": [
              {
                "cidr_blocks": [],
                "description": "Bastion Host SG",
                "from_port": 22,
                "ipv6_cidr_blocks": [],
                "prefix_list_ids": [],
                "protocol": "tcp",
                "security_groups": [
                  "sg-0cd24a1a0b454b232"
                ],
                "self": false,
                "to_port": 22
              }
            ],
            "name": "mysql-sg-bastion-host",
            "name_prefix": "",
            "owner_id": "307946673854",
            "revoke_rules_on_delete": false,
            "tags": {},
            "tags_all": {},
            "timeouts": null,
            "vpc_id": "vpc-0af34ee26bc04e285"
          },
          "sensitive_attributes": [],
          "private": "eyJlMmJmYjczMC1lY2FhLTExZTYtOGY4OC0zNDM2M2JjN2M0YzAiOnsiY3JlYXRlIjo2MDAwMDAwMDAwMDAsImRlbGV0ZSI6OTAwMDAwMDAwMDAwfSwic2NoZW1hX3ZlcnNpb24iOiIxIn0=",
          "dependencies": [
            "aws_security_group.BH-SG",
            "aws_subnet.private1",
            "aws_subnet.private2",
            "aws_subnet.public1",
            "aws_subnet.public2",
            "aws_vpc.main"
          ]
        }
      ]
    },
    {
      "mode": "managed",
      "type": "aws_security_group",
      "name": "ecs_sg",
      "provider": "provider[\"registry.terraform.io/hashicorp/aws\"]",
      "instances": [
        {
          "schema_version": 1,
          "attributes": {
            "arn": "arn:aws:ec2:us-east-1:307946673854:security-group/sg-03b2267ad89951aa9",
            "description": "Managed by Terraform",
            "egress": [
              {
                "cidr_blocks": [
                  "0.0.0.0/0"
                ],
                "description": "ping",
                "from_port": 0,
                "ipv6_cidr_blocks": [],
                "prefix_list_ids": [],
                "protocol": "-1",
                "security_groups": [],
                "self": false,
                "to_port": 0
              }
            ],
            "id": "sg-03b2267ad89951aa9",
            "ingress": [
              {
                "cidr_blocks": [
                  "0.0.0.0/0"
                ],
                "description": "HTTP for webserver",
                "from_port": 8080,
                "ipv6_cidr_blocks": [],
                "prefix_list_ids": [],
                "protocol": "tcp",
                "security_groups": [],
                "self": false,
                "to_port": 8080
              },
              {
                "cidr_blocks": [
                  "0.0.0.0/0"
                ],
                "description": "SSH",
                "from_port": 22,
                "ipv6_cidr_blocks": [],
                "prefix_list_ids": [],
                "protocol": "tcp",
                "security_groups": [],
                "self": false,
                "to_port": 22
              },
              {
                "cidr_blocks": [
                  "0.0.0.0/0"
                ],
                "description": "ping",
                "from_port": 0,
                "ipv6_cidr_blocks": [],
                "prefix_list_ids": [],
                "protocol": "-1",
                "security_groups": [],
                "self": false,
                "to_port": 0
              }
            ],
            "name": "app-reviews-ecs-sg_allow_ssh",
            "name_prefix": "",
            "owner_id": "307946673854",
            "revoke_rules_on_delete": false,
            "tags": {
              "Name": "app-reviews-ecs-sg"
            },
            "tags_all": {
              "Name": "app-reviews-ecs-sg"
            },
            "timeouts": null,
            "vpc_id": "vpc-0af34ee26bc04e285"
          },
          "sensitive_attributes": [],
          "private": "eyJlMmJmYjczMC1lY2FhLTExZTYtOGY4OC0zNDM2M2JjN2M0YzAiOnsiY3JlYXRlIjo2MDAwMDAwMDAwMDAsImRlbGV0ZSI6OTAwMDAwMDAwMDAwfSwic2NoZW1hX3ZlcnNpb24iOiIxIn0=",
          "dependencies": [
            "aws_vpc.main"
          ]
        }
      ]
    },
    {
      "mode": "managed",
      "type": "aws_security_group",
      "name": "rds_sg",
      "provider": "provider[\"registry.terraform.io/hashicorp/aws\"]",
      "instances": [
        {
          "schema_version": 1,
          "attributes": {
            "arn": "arn:aws:ec2:us-east-1:307946673854:security-group/sg-0dc41cb184a0f0ee4",
            "description": "Managed by Terraform",
            "egress": [
              {
                "cidr_blocks": [
                  "0.0.0.0/0"
                ],
                "description": "output from MySQL",
                "from_port": 0,
                "ipv6_cidr_blocks": [],
                "prefix_list_ids": [],
                "protocol": "-1",
                "security_groups": [],
                "self": false,
                "to_port": 0
              }
            ],
            "id": "sg-0dc41cb184a0f0ee4",
            "ingress": [
              {
                "cidr_blocks": [],
                "description": "",
                "from_port": 3306,
                "ipv6_cidr_blocks": [],
                "prefix_list_ids": [],
                "protocol": "tcp",
                "security_groups": [
                  "sg-03b2267ad89951aa9"
                ],
                "self": false,
                "to_port": 3306
              },
              {
                "cidr_blocks": [],
                "description": "",
                "from_port": 3306,
                "ipv6_cidr_blocks": [],
                "prefix_list_ids": [],
                "protocol": "tcp",
                "security_groups": [
                  "sg-0cd24a1a0b454b232"
                ],
                "self": false,
                "to_port": 3306
              },
              {
                "cidr_blocks": [],
                "description": "Bastion Host SG",
                "from_port": 22,
                "ipv6_cidr_blocks": [],
                "prefix_list_ids": [],
                "protocol": "tcp",
                "security_groups": [
                  "sg-0cd24a1a0b454b232"
                ],
                "self": false,
                "to_port": 22
              }
            ],
            "name": "app-reviews-rds-sg",
            "name_prefix": "",
            "owner_id": "307946673854",
            "revoke_rules_on_delete": false,
            "tags": {
              "Name": "app-reviews"
            },
            "tags_all": {
              "Name": "app-reviews"
            },
            "timeouts": null,
            "vpc_id": "vpc-0af34ee26bc04e285"
          },
          "sensitive_attributes": [],
          "private": "eyJlMmJmYjczMC1lY2FhLTExZTYtOGY4OC0zNDM2M2JjN2M0YzAiOnsiY3JlYXRlIjo2MDAwMDAwMDAwMDAsImRlbGV0ZSI6OTAwMDAwMDAwMDAwfSwic2NoZW1hX3ZlcnNpb24iOiIxIn0=",
          "dependencies": [
            "aws_security_group.BH-SG",
            "aws_security_group.ecs_sg",
            "aws_subnet.private1",
            "aws_subnet.private2",
            "aws_subnet.public1",
            "aws_subnet.public2",
            "aws_vpc.main"
          ]
        }
      ]
    },
    {
      "mode": "managed",
      "type": "aws_subnet",
      "name": "private1",
      "provider": "provider[\"registry.terraform.io/hashicorp/aws\"]",
      "instances": [
        {
          "schema_version": 1,
          "attributes": {
            "arn": "arn:aws:ec2:us-east-1:307946673854:subnet/subnet-0bcdba08bdf7b1f20",
            "assign_ipv6_address_on_creation": false,
            "availability_zone": "us-east-1a",
            "availability_zone_id": "use1-az2",
            "cidr_block": "10.0.2.0/24",
            "customer_owned_ipv4_pool": "",
            "enable_dns64": false,
            "enable_lni_at_device_index": 0,
            "enable_resource_name_dns_a_record_on_launch": false,
            "enable_resource_name_dns_aaaa_record_on_launch": false,
            "id": "subnet-0bcdba08bdf7b1f20",
            "ipv6_cidr_block": "",
            "ipv6_cidr_block_association_id": "",
            "ipv6_native": false,
            "map_customer_owned_ip_on_launch": false,
            "map_public_ip_on_launch": false,
            "outpost_arn": "",
            "owner_id": "307946673854",
            "private_dns_hostname_type_on_launch": "ip-name",
            "tags": {
              "Name": "app-reviews-private1-subnet"
            },
            "tags_all": {
              "Name": "app-reviews-private1-subnet"
            },
            "timeouts": null,
            "vpc_id": "vpc-0af34ee26bc04e285"
          },
          "sensitive_attributes": [],
          "private": "eyJlMmJmYjczMC1lY2FhLTExZTYtOGY4OC0zNDM2M2JjN2M0YzAiOnsiY3JlYXRlIjo2MDAwMDAwMDAwMDAsImRlbGV0ZSI6MTIwMDAwMDAwMDAwMH0sInNjaGVtYV92ZXJzaW9uIjoiMSJ9",
          "dependencies": [
            "aws_vpc.main"
          ]
        }
      ]
    },
    {
      "mode": "managed",
      "type": "aws_subnet",
      "name": "private2",
      "provider": "provider[\"registry.terraform.io/hashicorp/aws\"]",
      "instances": [
        {
          "schema_version": 1,
          "attributes": {
            "arn": "arn:aws:ec2:us-east-1:307946673854:subnet/subnet-08d4fabaca5b66cb2",
            "assign_ipv6_address_on_creation": false,
            "availability_zone": "us-east-1b",
            "availability_zone_id": "use1-az4",
            "cidr_block": "10.0.4.0/24",
            "customer_owned_ipv4_pool": "",
            "enable_dns64": false,
            "enable_lni_at_device_index": 0,
            "enable_resource_name_dns_a_record_on_launch": false,
            "enable_resource_name_dns_aaaa_record_on_launch": false,
            "id": "subnet-08d4fabaca5b66cb2",
            "ipv6_cidr_block": "",
            "ipv6_cidr_block_association_id": "",
            "ipv6_native": false,
            "map_customer_owned_ip_on_launch": false,
            "map_public_ip_on_launch": false,
            "outpost_arn": "",
            "owner_id": "307946673854",
            "private_dns_hostname_type_on_launch": "ip-name",
            "tags": {
              "Name": "app-reviews-private2-subnet"
            },
            "tags_all": {
              "Name": "app-reviews-private2-subnet"
            },
            "timeouts": null,
            "vpc_id": "vpc-0af34ee26bc04e285"
          },
          "sensitive_attributes": [],
          "private": "eyJlMmJmYjczMC1lY2FhLTExZTYtOGY4OC0zNDM2M2JjN2M0YzAiOnsiY3JlYXRlIjo2MDAwMDAwMDAwMDAsImRlbGV0ZSI6MTIwMDAwMDAwMDAwMH0sInNjaGVtYV92ZXJzaW9uIjoiMSJ9",
          "dependencies": [
            "aws_vpc.main"
          ]
        }
      ]
    },
    {
      "mode": "managed",
      "type": "aws_subnet",
      "name": "public1",
      "provider": "provider[\"registry.terraform.io/hashicorp/aws\"]",
      "instances": [
        {
          "schema_version": 1,
          "attributes": {
            "arn": "arn:aws:ec2:us-east-1:307946673854:subnet/subnet-07b9bd72a618ec5eb",
            "assign_ipv6_address_on_creation": false,
            "availability_zone": "us-east-1a",
            "availability_zone_id": "use1-az2",
            "cidr_block": "10.0.1.0/24",
            "customer_owned_ipv4_pool": "",
            "enable_dns64": false,
            "enable_lni_at_device_index": 0,
            "enable_resource_name_dns_a_record_on_launch": false,
            "enable_resource_name_dns_aaaa_record_on_launch": false,
            "id": "subnet-07b9bd72a618ec5eb",
            "ipv6_cidr_block": "",
            "ipv6_cidr_block_association_id": "",
            "ipv6_native": false,
            "map_customer_owned_ip_on_launch": false,
            "map_public_ip_on_launch": true,
            "outpost_arn": "",
            "owner_id": "307946673854",
            "private_dns_hostname_type_on_launch": "ip-name",
            "tags": {
              "Name": "app-reviews-public1-subnet"
            },
            "tags_all": {
              "Name": "app-reviews-public1-subnet"
            },
            "timeouts": null,
            "vpc_id": "vpc-0af34ee26bc04e285"
          },
          "sensitive_attributes": [],
          "private": "eyJlMmJmYjczMC1lY2FhLTExZTYtOGY4OC0zNDM2M2JjN2M0YzAiOnsiY3JlYXRlIjo2MDAwMDAwMDAwMDAsImRlbGV0ZSI6MTIwMDAwMDAwMDAwMH0sInNjaGVtYV92ZXJzaW9uIjoiMSJ9",
          "dependencies": [
            "aws_vpc.main"
          ]
        }
      ]
    },
    {
      "mode": "managed",
      "type": "aws_subnet",
      "name": "public2",
      "provider": "provider[\"registry.terraform.io/hashicorp/aws\"]",
      "instances": [
        {
          "schema_version": 1,
          "attributes": {
            "arn": "arn:aws:ec2:us-east-1:307946673854:subnet/subnet-0044a20639fb58698",
            "assign_ipv6_address_on_creation": false,
            "availability_zone": "us-east-1b",
            "availability_zone_id": "use1-az4",
            "cidr_block": "10.0.3.0/24",
            "customer_owned_ipv4_pool": "",
            "enable_dns64": false,
            "enable_lni_at_device_index": 0,
            "enable_resource_name_dns_a_record_on_launch": false,
            "enable_resource_name_dns_aaaa_record_on_launch": false,
            "id": "subnet-0044a20639fb58698",
            "ipv6_cidr_block": "",
            "ipv6_cidr_block_association_id": "",
            "ipv6_native": false,
            "map_customer_owned_ip_on_launch": false,
            "map_public_ip_on_launch": true,
            "outpost_arn": "",
            "owner_id": "307946673854",
            "private_dns_hostname_type_on_launch": "ip-name",
            "tags": {
              "Name": "app-reviews-public2-subnet"
            },
            "tags_all": {
              "Name": "app-reviews-public2-subnet"
            },
            "timeouts": null,
            "vpc_id": "vpc-0af34ee26bc04e285"
          },
          "sensitive_attributes": [],
          "private": "eyJlMmJmYjczMC1lY2FhLTExZTYtOGY4OC0zNDM2M2JjN2M0YzAiOnsiY3JlYXRlIjo2MDAwMDAwMDAwMDAsImRlbGV0ZSI6MTIwMDAwMDAwMDAwMH0sInNjaGVtYV92ZXJzaW9uIjoiMSJ9",
          "dependencies": [
            "aws_vpc.main"
          ]
        }
      ]
    },
    {
      "mode": "managed",
      "type": "aws_vpc",
      "name": "main",
      "provider": "provider[\"registry.terraform.io/hashicorp/aws\"]",
      "instances": [
        {
          "schema_version": 1,
          "attributes": {
            "arn": "arn:aws:ec2:us-east-1:307946673854:vpc/vpc-0af34ee26bc04e285",
            "assign_generated_ipv6_cidr_block": false,
            "cidr_block": "10.0.0.0/16",
            "default_network_acl_id": "acl-06e54d3c9594ed0aa",
            "default_route_table_id": "rtb-0224d42acfe096681",
            "default_security_group_id": "sg-04f910a1333a66383",
            "dhcp_options_id": "dopt-018c17b64c4b66faf",
            "enable_dns_hostnames": false,
            "enable_dns_support": true,
            "enable_network_address_usage_metrics": false,
            "id": "vpc-0af34ee26bc04e285",
            "instance_tenancy": "default",
            "ipv4_ipam_pool_id": null,
            "ipv4_netmask_length": null,
            "ipv6_association_id": "",
            "ipv6_cidr_block": "",
            "ipv6_cidr_block_network_border_group": "",
            "ipv6_ipam_pool_id": "",
            "ipv6_netmask_length": 0,
            "main_route_table_id": "rtb-0224d42acfe096681",
            "owner_id": "307946673854",
            "tags": {
              "Name": "app-reviews"
            },
            "tags_all": {
              "Name": "app-reviews"
            }
          },
          "sensitive_attributes": [],
          "private": "eyJzY2hlbWFfdmVyc2lvbiI6IjEifQ=="
        }
      ]
    },
    {
      "mode": "managed",
      "type": "tls_private_key",
      "name": "private_key",
      "provider": "provider[\"registry.terraform.io/hashicorp/tls\"]",
      "instances": [
        {
          "schema_version": 1,
          "attributes": {
            "algorithm": "RSA",
            "ecdsa_curve": "P224",
            "id": "e3556eb038350e661aa1e0a97676e409d6781a1b",
            "private_key_openssh": "-----BEGIN OPENSSH PRIVATE KEY-----\nb3BlbnNzaC1rZXktdjEAAAAABG5vbmUAAAAEbm9uZQAAAAAAAAABAAACFwAAAAdz\nc2gtcnNhAAAAAwEAAQAAAgEAs9QV9738hrSXXpI5qv+sajWCZcEi9tGnd6El5CFt\n2lZas26HdvkVFwbLc0IrNfr8DpgKfv7cGkb7CDQiPWJTceTH5o8iSGK6YdTZ4hJA\npqjeQ1Rkr6XycQl/5o8mUJZphjmLApi8PMG1kvGL8aGbNQkb5+WdgVGThOYCY3LV\nOaQa57qOHG+rvaDIAiO40s5Gw0ZrerYMN3EPc8psSSFg0IgJUxMTXIMiaM47+Nj+\ngHcQu12dyP4vb9p17F1mRO/aUx3qPVXnd7A1IOUa/PaF/xGDboF7oZkD5qb3UE/d\nA82XMmrEHjEhXocHgz9a+oIvyGxonX8ED6HW6cmXeZyIJfUxJwz896e9MQuMpG+S\n0GFRj1t+lZ3N/tPYZq6ArUNq0Y8jNU/uEP5rqBXxYyp/Len14DTSJEpwGgPvGmTZ\nmbHWmN0xVBulOKrHdf/zDY6MclXNlEoST++whLNGiJYW/4TskMNsIcW7/A+NCM8J\nvPzE/GXnGidm9xgaDhN08VTVXNHtvOZYloO1DutkShIf5AnOjyi4CPeOCqcxTmHp\nqb/yHRKsnGiInkTLKAYmQGLftAGgXBBnS5+z8ZB6KM+bRMN0hZKuKag4cLnn7JBg\n1IRlVDEki2HvYxwxNX5FaFWCXlzoilXlU4kVD4NLijFTGSWLNHc+8if/uNaR42YB\n9BsAAAc4cAoEpnAKBKYAAAAHc3NoLXJzYQAAAgEAs9QV9738hrSXXpI5qv+sajWC\nZcEi9tGnd6El5CFt2lZas26HdvkVFwbLc0IrNfr8DpgKfv7cGkb7CDQiPWJTceTH\n5o8iSGK6YdTZ4hJApqjeQ1Rkr6XycQl/5o8mUJZphjmLApi8PMG1kvGL8aGbNQkb\n5+WdgVGThOYCY3LVOaQa57qOHG+rvaDIAiO40s5Gw0ZrerYMN3EPc8psSSFg0IgJ\nUxMTXIMiaM47+Nj+gHcQu12dyP4vb9p17F1mRO/aUx3qPVXnd7A1IOUa/PaF/xGD\nboF7oZkD5qb3UE/dA82XMmrEHjEhXocHgz9a+oIvyGxonX8ED6HW6cmXeZyIJfUx\nJwz896e9MQuMpG+S0GFRj1t+lZ3N/tPYZq6ArUNq0Y8jNU/uEP5rqBXxYyp/Len1\n4DTSJEpwGgPvGmTZmbHWmN0xVBulOKrHdf/zDY6MclXNlEoST++whLNGiJYW/4Ts\nkMNsIcW7/A+NCM8JvPzE/GXnGidm9xgaDhN08VTVXNHtvOZYloO1DutkShIf5AnO\njyi4CPeOCqcxTmHpqb/yHRKsnGiInkTLKAYmQGLftAGgXBBnS5+z8ZB6KM+bRMN0\nhZKuKag4cLnn7JBg1IRlVDEki2HvYxwxNX5FaFWCXlzoilXlU4kVD4NLijFTGSWL\nNHc+8if/uNaR42YB9BsAAAADAQABAAACAQCRaVQCKoyCWJF2FYOwNGI01+QDZ/Nf\n5hQm9hXvrOBphx58rUm4+J0HK6VkJANQ+QzMuED0hB1y2iavcYimXlXfaQID+4Xb\nRoo0BavR1LSWj0J660knh2bN5MKZqvNugtH9iZZQmTTNZE3w7oUc9HLOpfj8wX1l\nTpOdCWixBfBJVduzufSkJeCXy+UvZbdULxylVtIePgsO4ct+9BYv5F+m//maRXiI\nfDlcyjdQeBcDxkOvXnnyRygQqHRmlvfVkqXWRABfbJFpBQFRAjGaj7W2lXDT8LwJ\n5fNzlVuyg4HSS3KRgCfpygyTpVh71sU4gAEnbhICGO0tvs5L6Ykk+2BTBiVC7oWC\nphG4+ZChjLUg66ELrvX5j0rzh7GH8BWvrVTH1bi5s+kETHLy3DpLZoDZsq3kdO8H\nkDi4GQl4HY0sBz3RXwi0tqOnb+8ZxmVX4Lsi+7m6//fyvjKWwigg1P7fQflR9bXu\n/QOoMBV+MM+bT47WBchHOrNlcObRjb1C833wgZjowDOiqFdE248xMgykw5k31FEW\nfm/QxQ3oS7OgkTp0Z1VTtDYk9Nml3lfQiCzrMAYj3bWYjNWcR8tQFL8p0XlF1822\n9TsWHWRmj1oi8BuvxFrDWIRux9SC0xm2GySBWq+CMf0aDLGBtaaZAZNsfj+mBjhW\nUgrO6syKzbMScQAAAQB6SIBBZ62gJV2waMnC1Fr0NA8XknRewAT9hPtlrga5Aa3S\n7FAcqaqFBlAwEXUZiboEj52Apwo9fted/QbWGSBPbVrIA0NL1cFA2NkXY+PU+QIA\nBMZ3jKm6wvv+VPXdlI90bbFOHf1Wpft9OdaHPF7YybHgx3Rc7WSEJ1tKMD9IZwaG\nAoupQPe7SjtDPsTRsZw54NUp1XBTI66ALyImOEJ6xNjFmqm2TQZd3DNrQECR31J7\nfKzAGBSaZYFQVqt3V7yO3ljJYrXJTU8xAlw+mbVtSir7EOgLiP5hvfbNKAAzcXSS\nj7BN41wOXweAbkF6EzusxyaAdMek0fmp1iMBvH6qAAABAQDRuShvs78pgyXTmTSk\nEAf5hJlK4g8X5MIE83keMj8mZz8rauxqdqJYzM2qnqQP0AQQwLs9IyB4ECL6At/4\nTF4x5RfKHNlA42DI1t1lWDPohwl5LiPfCFH36zw6f10bK1VMuOLEmqe0r5vQUecX\nl1ku5TsEOpTfZKirQx6Fku3Z/JdCHaI9w3vpIhbAO4aYDF9XINuA6j1pBKuUntXL\nXiylzJvtLDSytOfvmCWBOBb+Cq2JRHjms5i6NjRNmWRC9sv7xLxemMMSAlOjSgkP\n6Vkzq7t21qSbrPvBsdxGjrQUy/5HgDZRWS7cuiNNcOKEgrEjBVHfe6fn4WV6/zu0\n0Ph/AAABAQDbgjsE2temBUIW6RzkoJ6HbDvedduWEn9pR4jknTrw9xBzMeCMpSiw\n2c0ZnE+MjZk6aeP7AAEwFIHii3GWCp77YQr86BO2ObQAeiXbaJv1rNC37NLyf3jc\nbpEX7VjiNnjznL+c6NDIi6j4WyERW4LK5clDJuDWm/skT0bfNY2RUKa5fs0ZvFg8\nBIPPvf2zVy7xCxyU0I3ttdPgItEKbMiBewyGHhqzboMpLb2peLZunLim8KyuvjWQ\n1ipVHHT6KyZkwfFyrDjnG05jdiusmNJw+NJlmYEBBYLH+ZoCY7JTdl2dO+aG2G4X\nfk0SGHTMAkdJvKyMFJQ8dgIsnG8zSxZlAAAAAAEC\n-----END OPENSSH PRIVATE KEY-----\n",
            "private_key_pem": "-----BEGIN RSA PRIVATE KEY-----\nMIIJKQIBAAKCAgEAs9QV9738hrSXXpI5qv+sajWCZcEi9tGnd6El5CFt2lZas26H\ndvkVFwbLc0IrNfr8DpgKfv7cGkb7CDQiPWJTceTH5o8iSGK6YdTZ4hJApqjeQ1Rk\nr6XycQl/5o8mUJZphjmLApi8PMG1kvGL8aGbNQkb5+WdgVGThOYCY3LVOaQa57qO\nHG+rvaDIAiO40s5Gw0ZrerYMN3EPc8psSSFg0IgJUxMTXIMiaM47+Nj+gHcQu12d\nyP4vb9p17F1mRO/aUx3qPVXnd7A1IOUa/PaF/xGDboF7oZkD5qb3UE/dA82XMmrE\nHjEhXocHgz9a+oIvyGxonX8ED6HW6cmXeZyIJfUxJwz896e9MQuMpG+S0GFRj1t+\nlZ3N/tPYZq6ArUNq0Y8jNU/uEP5rqBXxYyp/Len14DTSJEpwGgPvGmTZmbHWmN0x\nVBulOKrHdf/zDY6MclXNlEoST++whLNGiJYW/4TskMNsIcW7/A+NCM8JvPzE/GXn\nGidm9xgaDhN08VTVXNHtvOZYloO1DutkShIf5AnOjyi4CPeOCqcxTmHpqb/yHRKs\nnGiInkTLKAYmQGLftAGgXBBnS5+z8ZB6KM+bRMN0hZKuKag4cLnn7JBg1IRlVDEk\ni2HvYxwxNX5FaFWCXlzoilXlU4kVD4NLijFTGSWLNHc+8if/uNaR42YB9BsCAwEA\nAQKCAgEAkWlUAiqMgliRdhWDsDRiNNfkA2fzX+YUJvYV76zgaYcefK1JuPidByul\nZCQDUPkMzLhA9IQdctomr3GIpl5V32kCA/uF20aKNAWr0dS0lo9CeutJJ4dmzeTC\nmarzboLR/YmWUJk0zWRN8O6FHPRyzqX4/MF9ZU6TnQlosQXwSVXbs7n0pCXgl8vl\nL2W3VC8cpVbSHj4LDuHLfvQWL+Rfpv/5mkV4iHw5XMo3UHgXA8ZDr1558kcoEKh0\nZpb31ZKl1kQAX2yRaQUBUQIxmo+1tpVw0/C8CeXzc5VbsoOB0ktykYAn6coMk6VY\ne9bFOIABJ24SAhjtLb7OS+mJJPtgUwYlQu6FgqYRuPmQoYy1IOuhC671+Y9K84ex\nh/AVr61Ux9W4ubPpBExy8tw6S2aA2bKt5HTvB5A4uBkJeB2NLAc90V8ItLajp2/v\nGcZlV+C7Ivu5uv/38r4ylsIoINT+30H5UfW17v0DqDAVfjDPm0+O1gXIRzqzZXDm\n0Y29QvN98IGY6MAzoqhXRNuPMTIMpMOZN9RRFn5v0MUN6EuzoJE6dGdVU7Q2JPTZ\npd5X0Igs6zAGI921mIzVnEfLUBS/KdF5RdfNtvU7Fh1kZo9aIvAbr8Raw1iEbsfU\ngtMZthskgVqvgjH9GgyxgbWmmQGTbH4/pgY4VlIKzurMis2zEnECggEBANG5KG+z\nvymDJdOZNKQQB/mEmUriDxfkwgTzeR4yPyZnPytq7Gp2oljMzaqepA/QBBDAuz0j\nIHgQIvoC3/hMXjHlF8oc2UDjYMjW3WVYM+iHCXkuI98IUffrPDp/XRsrVUy44sSa\np7Svm9BR5xeXWS7lOwQ6lN9kqKtDHoWS7dn8l0Idoj3De+kiFsA7hpgMX1cg24Dq\nPWkEq5Se1cteLKXMm+0sNLK05++YJYE4Fv4KrYlEeOazmLo2NE2ZZEL2y/vEvF6Y\nwxICU6NKCQ/pWTOru3bWpJus+8Gx3EaOtBTL/keANlFZLty6I01w4oSCsSMFUd97\np+fhZXr/O7TQ+H8CggEBANuCOwTa16YFQhbpHOSgnodsO95125YSf2lHiOSdOvD3\nEHMx4IylKLDZzRmcT4yNmTpp4/sAATAUgeKLcZYKnvthCvzoE7Y5tAB6Jdtom/Ws\n0Lfs0vJ/eNxukRftWOI2ePOcv5zo0MiLqPhbIRFbgsrlyUMm4Nab+yRPRt81jZFQ\nprl+zRm8WDwEg8+9/bNXLvELHJTQje210+Ai0QpsyIF7DIYeGrNugyktval4tm6c\nuKbwrK6+NZDWKlUcdPorJmTB8XKsOOcbTmN2K6yY0nD40mWZgQEFgsf5mgJjslN2\nXZ075obYbhd+TRIYdMwCR0m8rIwUlDx2AiycbzNLFmUCggEAeZ2ZqUzeqb/3i4Do\nWctCFJukGRyGDCEHsb9OmQgiPq7YnuDeP86TzlLVYP+lu9WwxdY9vfJEvdr9rWVF\nY8NFTEHBTd70zQAN++k9cat4TnsgLzlma8tzXQT4ZCO/ZiX2zQrZ1ZCpd8nt3Rvh\nmniVqvAbDRS7h9/jP40ogeT2MNadECYHEzHtBQBTmR3rqvhhwTC4mUU8X03qAcEp\n0UjHM043jY148bieVv4voYNZMfAXOeaPBZlYE4OjSOyOi5Z6K4GmimSjminnPmWM\nY8G5jJEloIBP7Eafp27wgan3G6g/yE69MOc6mZ0HI702Xgk7l0dadvJKJ9k4895W\nTUBxGQKCAQEAtYKKqwkLKQ1QCQHaEnN+oxyspNdwLDg/gx7T47bf9kFWKOslcyde\n7l4ravIGFYNBITxOeE8YrFlIzbvgwOEndVZZb6e4JQayAXL/ut5VmGC+dlguVrdx\niVUkRVTOGsBQY6FKEMWzXyGdJ0Czp1a0YHKCajTL1qpEkVG8mPX/ihnWw6xGjPFh\nRL+2/yFrl9CP0GIP0D5kHhwshzpDAQvTAL5vLLfX/Gd1radVHb3jnLObPO/m2tgO\nEyYE+zv8vqDPrqFwthITO4co2rXsh1wXJ7OYxsqYEfAspI+Q+kjWPI2z+0B87yQo\nZOTbdgsjCU8ZA7AwPeUGbrhmM91nVlLQwQKCAQB6SIBBZ62gJV2waMnC1Fr0NA8X\nknRewAT9hPtlrga5Aa3S7FAcqaqFBlAwEXUZiboEj52Apwo9fted/QbWGSBPbVrI\nA0NL1cFA2NkXY+PU+QIABMZ3jKm6wvv+VPXdlI90bbFOHf1Wpft9OdaHPF7YybHg\nx3Rc7WSEJ1tKMD9IZwaGAoupQPe7SjtDPsTRsZw54NUp1XBTI66ALyImOEJ6xNjF\nmqm2TQZd3DNrQECR31J7fKzAGBSaZYFQVqt3V7yO3ljJYrXJTU8xAlw+mbVtSir7\nEOgLiP5hvfbNKAAzcXSSj7BN41wOXweAbkF6EzusxyaAdMek0fmp1iMBvH6q\n-----END RSA PRIVATE KEY-----\n",
            "private_key_pem_pkcs8": "-----BEGIN PRIVATE KEY-----\nMIIJQwIBADANBgkqhkiG9w0BAQEFAASCCS0wggkpAgEAAoICAQCz1BX3vfyGtJde\nkjmq/6xqNYJlwSL20ad3oSXkIW3aVlqzbod2+RUXBstzQis1+vwOmAp+/twaRvsI\nNCI9YlNx5MfmjyJIYrph1NniEkCmqN5DVGSvpfJxCX/mjyZQlmmGOYsCmLw8wbWS\n8YvxoZs1CRvn5Z2BUZOE5gJjctU5pBrnuo4cb6u9oMgCI7jSzkbDRmt6tgw3cQ9z\nymxJIWDQiAlTExNcgyJozjv42P6AdxC7XZ3I/i9v2nXsXWZE79pTHeo9Ved3sDUg\n5Rr89oX/EYNugXuhmQPmpvdQT90DzZcyasQeMSFehweDP1r6gi/IbGidfwQPodbp\nyZd5nIgl9TEnDPz3p70xC4ykb5LQYVGPW36Vnc3+09hmroCtQ2rRjyM1T+4Q/muo\nFfFjKn8t6fXgNNIkSnAaA+8aZNmZsdaY3TFUG6U4qsd1//MNjoxyVc2UShJP77CE\ns0aIlhb/hOyQw2whxbv8D40Izwm8/MT8ZecaJ2b3GBoOE3TxVNVc0e285liWg7UO\n62RKEh/kCc6PKLgI944KpzFOYempv/IdEqycaIieRMsoBiZAYt+0AaBcEGdLn7Px\nkHooz5tEw3SFkq4pqDhwuefskGDUhGVUMSSLYe9jHDE1fkVoVYJeXOiKVeVTiRUP\ng0uKMVMZJYs0dz7yJ/+41pHjZgH0GwIDAQABAoICAQCRaVQCKoyCWJF2FYOwNGI0\n1+QDZ/Nf5hQm9hXvrOBphx58rUm4+J0HK6VkJANQ+QzMuED0hB1y2iavcYimXlXf\naQID+4XbRoo0BavR1LSWj0J660knh2bN5MKZqvNugtH9iZZQmTTNZE3w7oUc9HLO\npfj8wX1lTpOdCWixBfBJVduzufSkJeCXy+UvZbdULxylVtIePgsO4ct+9BYv5F+m\n//maRXiIfDlcyjdQeBcDxkOvXnnyRygQqHRmlvfVkqXWRABfbJFpBQFRAjGaj7W2\nlXDT8LwJ5fNzlVuyg4HSS3KRgCfpygyTpVh71sU4gAEnbhICGO0tvs5L6Ykk+2BT\nBiVC7oWCphG4+ZChjLUg66ELrvX5j0rzh7GH8BWvrVTH1bi5s+kETHLy3DpLZoDZ\nsq3kdO8HkDi4GQl4HY0sBz3RXwi0tqOnb+8ZxmVX4Lsi+7m6//fyvjKWwigg1P7f\nQflR9bXu/QOoMBV+MM+bT47WBchHOrNlcObRjb1C833wgZjowDOiqFdE248xMgyk\nw5k31FEWfm/QxQ3oS7OgkTp0Z1VTtDYk9Nml3lfQiCzrMAYj3bWYjNWcR8tQFL8p\n0XlF18229TsWHWRmj1oi8BuvxFrDWIRux9SC0xm2GySBWq+CMf0aDLGBtaaZAZNs\nfj+mBjhWUgrO6syKzbMScQKCAQEA0bkob7O/KYMl05k0pBAH+YSZSuIPF+TCBPN5\nHjI/Jmc/K2rsanaiWMzNqp6kD9AEEMC7PSMgeBAi+gLf+ExeMeUXyhzZQONgyNbd\nZVgz6IcJeS4j3whR9+s8On9dGytVTLjixJqntK+b0FHnF5dZLuU7BDqU32Soq0Me\nhZLt2fyXQh2iPcN76SIWwDuGmAxfVyDbgOo9aQSrlJ7Vy14spcyb7Sw0srTn75gl\ngTgW/gqtiUR45rOYujY0TZlkQvbL+8S8XpjDEgJTo0oJD+lZM6u7dtakm6z7wbHc\nRo60FMv+R4A2UVku3LojTXDihIKxIwVR33un5+Flev87tND4fwKCAQEA24I7BNrX\npgVCFukc5KCeh2w73nXblhJ/aUeI5J068PcQczHgjKUosNnNGZxPjI2ZOmnj+wAB\nMBSB4otxlgqe+2EK/OgTtjm0AHol22ib9azQt+zS8n943G6RF+1Y4jZ485y/nOjQ\nyIuo+FshEVuCyuXJQybg1pv7JE9G3zWNkVCmuX7NGbxYPASDz739s1cu8QsclNCN\n7bXT4CLRCmzIgXsMhh4as26DKS29qXi2bpy4pvCsrr41kNYqVRx0+ismZMHxcqw4\n5xtOY3YrrJjScPjSZZmBAQWCx/maAmOyU3ZdnTvmhthuF35NEhh0zAJHSbysjBSU\nPHYCLJxvM0sWZQKCAQB5nZmpTN6pv/eLgOhZy0IUm6QZHIYMIQexv06ZCCI+rtie\n4N4/zpPOUtVg/6W71bDF1j298kS92v2tZUVjw0VMQcFN3vTNAA376T1xq3hOeyAv\nOWZry3NdBPhkI79mJfbNCtnVkKl3ye3dG+GaeJWq8BsNFLuH3+M/jSiB5PYw1p0Q\nJgcTMe0FAFOZHeuq+GHBMLiZRTxfTeoBwSnRSMczTjeNjXjxuJ5W/i+hg1kx8Bc5\n5o8FmVgTg6NI7I6LlnorgaaKZKOaKec+ZYxjwbmMkSWggE/sRp+nbvCBqfcbqD/I\nTr0w5zqZnQcjvTZeCTuXR1p28kon2Tjz3lZNQHEZAoIBAQC1goqrCQspDVAJAdoS\nc36jHKyk13AsOD+DHtPjtt/2QVYo6yVzJ17uXitq8gYVg0EhPE54TxisWUjNu+DA\n4Sd1Vllvp7glBrIBcv+63lWYYL52WC5Wt3GJVSRFVM4awFBjoUoQxbNfIZ0nQLOn\nVrRgcoJqNMvWqkSRUbyY9f+KGdbDrEaM8WFEv7b/IWuX0I/QYg/QPmQeHCyHOkMB\nC9MAvm8st9f8Z3Wtp1UdveOcs5s87+ba2A4TJgT7O/y+oM+uoXC2EhM7hyjateyH\nXBcns5jGypgR8Cykj5D6SNY8jbP7QHzvJChk5Nt2CyMJTxkDsDA95QZuuGYz3WdW\nUtDBAoIBAHpIgEFnraAlXbBoycLUWvQ0DxeSdF7ABP2E+2WuBrkBrdLsUBypqoUG\nUDARdRmJugSPnYCnCj1+1539BtYZIE9tWsgDQ0vVwUDY2Rdj49T5AgAExneMqbrC\n+/5U9d2Uj3RtsU4d/Val+3051oc8XtjJseDHdFztZIQnW0owP0hnBoYCi6lA97tK\nO0M+xNGxnDng1SnVcFMjroAvIiY4QnrE2MWaqbZNBl3cM2tAQJHfUnt8rMAYFJpl\ngVBWq3dXvI7eWMlitclNTzECXD6ZtW1KKvsQ6AuI/mG99s0oADNxdJKPsE3jXA5f\nB4BuQXoTO6zHJoB0x6TR+anWIwG8fqo=\n-----END PRIVATE KEY-----\n",
            "public_key_fingerprint_md5": "98:ba:22:62:50:ed:b3:f3:82:9d:ab:b1:84:c0:de:3a",
            "public_key_fingerprint_sha256": "SHA256:0azJVZU8wi1/zjKmdD9MPcrkMplu7y+uqLaEg/qq1ok",
            "public_key_openssh": "ssh-rsa AAAAB3NzaC1yc2EAAAADAQABAAACAQCz1BX3vfyGtJdekjmq/6xqNYJlwSL20ad3oSXkIW3aVlqzbod2+RUXBstzQis1+vwOmAp+/twaRvsINCI9YlNx5MfmjyJIYrph1NniEkCmqN5DVGSvpfJxCX/mjyZQlmmGOYsCmLw8wbWS8YvxoZs1CRvn5Z2BUZOE5gJjctU5pBrnuo4cb6u9oMgCI7jSzkbDRmt6tgw3cQ9zymxJIWDQiAlTExNcgyJozjv42P6AdxC7XZ3I/i9v2nXsXWZE79pTHeo9Ved3sDUg5Rr89oX/EYNugXuhmQPmpvdQT90DzZcyasQeMSFehweDP1r6gi/IbGidfwQPodbpyZd5nIgl9TEnDPz3p70xC4ykb5LQYVGPW36Vnc3+09hmroCtQ2rRjyM1T+4Q/muoFfFjKn8t6fXgNNIkSnAaA+8aZNmZsdaY3TFUG6U4qsd1//MNjoxyVc2UShJP77CEs0aIlhb/hOyQw2whxbv8D40Izwm8/MT8ZecaJ2b3GBoOE3TxVNVc0e285liWg7UO62RKEh/kCc6PKLgI944KpzFOYempv/IdEqycaIieRMsoBiZAYt+0AaBcEGdLn7PxkHooz5tEw3SFkq4pqDhwuefskGDUhGVUMSSLYe9jHDE1fkVoVYJeXOiKVeVTiRUPg0uKMVMZJYs0dz7yJ/+41pHjZgH0Gw==\n",
            "public_key_pem": "-----BEGIN PUBLIC KEY-----\nMIICIjANBgkqhkiG9w0BAQEFAAOCAg8AMIICCgKCAgEAs9QV9738hrSXXpI5qv+s\najWCZcEi9tGnd6El5CFt2lZas26HdvkVFwbLc0IrNfr8DpgKfv7cGkb7CDQiPWJT\nceTH5o8iSGK6YdTZ4hJApqjeQ1Rkr6XycQl/5o8mUJZphjmLApi8PMG1kvGL8aGb\nNQkb5+WdgVGThOYCY3LVOaQa57qOHG+rvaDIAiO40s5Gw0ZrerYMN3EPc8psSSFg\n0IgJUxMTXIMiaM47+Nj+gHcQu12dyP4vb9p17F1mRO/aUx3qPVXnd7A1IOUa/PaF\n/xGDboF7oZkD5qb3UE/dA82XMmrEHjEhXocHgz9a+oIvyGxonX8ED6HW6cmXeZyI\nJfUxJwz896e9MQuMpG+S0GFRj1t+lZ3N/tPYZq6ArUNq0Y8jNU/uEP5rqBXxYyp/\nLen14DTSJEpwGgPvGmTZmbHWmN0xVBulOKrHdf/zDY6MclXNlEoST++whLNGiJYW\n/4TskMNsIcW7/A+NCM8JvPzE/GXnGidm9xgaDhN08VTVXNHtvOZYloO1DutkShIf\n5AnOjyi4CPeOCqcxTmHpqb/yHRKsnGiInkTLKAYmQGLftAGgXBBnS5+z8ZB6KM+b\nRMN0hZKuKag4cLnn7JBg1IRlVDEki2HvYxwxNX5FaFWCXlzoilXlU4kVD4NLijFT\nGSWLNHc+8if/uNaR42YB9BsCAwEAAQ==\n-----END PUBLIC KEY-----\n",
            "rsa_bits": 4096
          },
          "sensitive_attributes": [
            [
              {
                "type": "get_attr",
                "value": "private_key_openssh"
              }
            ],
            [
              {
                "type": "get_attr",
                "value": "private_key_pem"
              }
            ],
            [
              {
                "type": "get_attr",
                "value": "private_key_pem_pkcs8"
              }
            ]
          ]
        }
      ]
    }
  ],
  "check_results": null
}
